
Microsoft Visual Studio Solution File, Format Version 9.00
# Visual Studio 2005
Project("{8BC9CEB8-8B4A-11D0-8D11-00A0C91BC942}") = "terminals-host", "terminals-host\terminals-host.vcproj", "{CE3FD4FD-5249-4907-8381-0DD304AA5469}"
	ProjectSection(WebsiteProperties) = preProject
		Debug.AspNetCompiler.Debug = "True"
		Release.AspNetCompiler.Debug = "False"
	EndProjectSection
EndProject
Project("{8BC9CEB8-8B4A-11D0-8D11-00A0C91BC942}") = "terminals-kill", "terminals-kill\terminals-kill.vcproj", "{EDE35A66-F8EB-48E0-9712-3E1FE8A41F5C}"
	ProjectSection(WebsiteProperties) = preProject
		Debug.AspNetCompiler.Debug = "True"
		Release.AspNetCompiler.Debug = "False"
	EndProjectSection
EndProject
Project("{8BC9CEB8-8B4A-11D0-8D11-00A0C91BC942}") = "sales_dynamics", "sales_dynamics\sales_dynamics.vcproj", "{E0303909-57C8-4575-A00C-9E915665433D}"
	ProjectSection(WebsiteProperties) = preProject
		Debug.AspNetCompiler.Debug = "True"
		Release.AspNetCompiler.Debug = "False"
	EndProjectSection
EndProject
Project("{8BC9CEB8-8B4A-11D0-8D11-00A0C91BC942}") = "new_account", "new_account\new_account.vcproj", "{2586187D-CAAD-4C65-9ABF-6182130C90CA}"
	ProjectSection(WebsiteProperties) = preProject
		Debug.AspNetCompiler.Debug = "True"
		Release.AspNetCompiler.Debug = "False"
	EndProjectSection
EndProject
Project("{8BC9CEB8-8B4A-11D0-8D11-00A0C91BC942}") = "time", "time\time.vcproj", "{A9716FA9-8F60-4790-B12E-F2FEFE7A45AD}"
	ProjectSection(WebsiteProperties) = preProject
		Debug.AspNetCompiler.Debug = "True"
		Release.AspNetCompiler.Debug = "False"
	EndProjectSection
EndProject
Project("{8BC9CEB8-8B4A-11D0-8D11-00A0C91BC942}") = "gps_status", "gps_status\gps_status.vcproj", "{FB3E4747-831B-43B3-A345-54F5BC6ED428}"
	ProjectSection(WebsiteProperties) = preProject
		Debug.AspNetCompiler.Debug = "True"
		Release.AspNetCompiler.Debug = "False"
	EndProjectSection
EndProject
Project("{8BC9CEB8-8B4A-11D0-8D11-00A0C91BC942}") = "user_info", "user_info\user_info.vcproj", "{99A8991A-7A7C-4307-9496-E12D07FED121}"
	ProjectSection(WebsiteProperties) = preProject
		Debug.AspNetCompiler.Debug = "True"
		Release.AspNetCompiler.Debug = "False"
	EndProjectSection
EndProject
Project("{8BC9CEB8-8B4A-11D0-8D11-00A0C91BC942}") = "work", "work\work.vcproj", "{A174B14D-E880-4F72-BA99-8DFA47CBD169}"
	ProjectSection(WebsiteProperties) = preProject
		Debug.AspNetCompiler.Debug = "True"
		Release.AspNetCompiler.Debug = "False"
	EndProjectSection
EndProject
Project("{8BC9CEB8-8B4A-11D0-8D11-00A0C91BC942}") = "doc_status", "doc_status\doc_status.vcproj", "{CB33AFE7-627F-42DE-93BF-2A70FDE18C30}"
	ProjectSection(WebsiteProperties) = preProject
		Debug.AspNetCompiler.Debug = "True"
		Release.AspNetCompiler.Debug = "False"
	EndProjectSection
EndProject
Project("{8BC9CEB8-8B4A-11D0-8D11-00A0C91BC942}") = "sync_status", "sync_status\sync_status.vcproj", "{811A1219-B296-451A-9718-747EB4AD57C6}"
	ProjectSection(WebsiteProperties) = preProject
		Debug.AspNetCompiler.Debug = "True"
		Release.AspNetCompiler.Debug = "False"
	EndProjectSection
EndProject
Project("{8BC9CEB8-8B4A-11D0-8D11-00A0C91BC942}") = "activity", "activity\activity.vcproj", "{E6007EDE-0AB6-4013-A212-1B5B71D4F365}"
	ProjectSection(WebsiteProperties) = preProject
		Debug.AspNetCompiler.Debug = "True"
		Release.AspNetCompiler.Debug = "False"
	EndProjectSection
EndProject
Project("{8BC9CEB8-8B4A-11D0-8D11-00A0C91BC942}") = "account", "account\account.vcproj", "{65021081-1AA5-4833-87B8-A28B5B5F4331}"
	ProjectSection(WebsiteProperties) = preProject
		Debug.AspNetCompiler.Debug = "True"
		Release.AspNetCompiler.Debug = "False"
	EndProjectSection
EndProject
Project("{8BC9CEB8-8B4A-11D0-8D11-00A0C91BC942}") = "order", "order\order.vcproj", "{B2B1FA51-1FF8-4E9C-ADBD-6C554C64D5ED}"
	ProjectSection(WebsiteProperties) = preProject
		Debug.AspNetCompiler.Debug = "True"
		Release.AspNetCompiler.Debug = "False"
	EndProjectSection
EndProject
Project("{8BC9CEB8-8B4A-11D0-8D11-00A0C91BC942}") = "reclamation", "reclamation\reclamation.vcproj", "{BED79CCA-E196-4765-8CEC-8C1F5955B40C}"
	ProjectSection(WebsiteProperties) = preProject
		Debug.AspNetCompiler.Debug = "True"
		Release.AspNetCompiler.Debug = "False"
	EndProjectSection
EndProject
Project("{8BC9CEB8-8B4A-11D0-8D11-00A0C91BC942}") = "version_info", "version_info\version_info.vcproj", "{3E082505-8785-4C4E-894F-AFCF4F73738D}"
EndProject
Project("{8BC9CEB8-8B4A-11D0-8D11-00A0C91BC942}") = "sales_plans", "sales_plans\sales_plans.vcproj", "{BEFED46C-2F47-49EF-B9F6-9370070A3BE9}"
EndProject
Project("{8BC9CEB8-8B4A-11D0-8D11-00A0C91BC942}") = "novelties", "novelties\novelties.vcproj", "{FF8AADE1-703A-49A3-9485-7A0309F92E91}"
EndProject
Project("{8BC9CEB8-8B4A-11D0-8D11-00A0C91BC942}") = "equipment", "equipment\equipment.vcproj", "{96815D51-2B65-444D-A238-E51DE624D73D}"
EndProject
Project("{8BC9CEB8-8B4A-11D0-8D11-00A0C91BC942}") = "account-RU", "account\account-RU.vcproj", "{D996EFB4-684B-4D51-A546-E46EF731462A}"
EndProject
Project("{8BC9CEB8-8B4A-11D0-8D11-00A0C91BC942}") = "activity-RU", "activity\activity-RU.vcproj", "{47D71107-2F17-4F1E-A3BC-8DF65B82565F}"
EndProject
Project("{8BC9CEB8-8B4A-11D0-8D11-00A0C91BC942}") = "doc_status-RU", "doc_status\doc_status-RU.vcproj", "{1CFCD315-C104-4610-9B77-7235BBA4FB71}"
EndProject
Project("{8BC9CEB8-8B4A-11D0-8D11-00A0C91BC942}") = "equipment-RU", "equipment\equipment-RU.vcproj", "{E429BE8A-C2B8-4648-AC5E-61D0349776A5}"
EndProject
Project("{8BC9CEB8-8B4A-11D0-8D11-00A0C91BC942}") = "gps_status-RU", "gps_status\gps_status-RU.vcproj", "{9AC83E1E-B6C9-4F32-9FF2-C277396510ED}"
EndProject
Project("{8BC9CEB8-8B4A-11D0-8D11-00A0C91BC942}") = "new_account-RU", "new_account\new_account-RU.vcproj", "{07615E60-486D-4C08-A608-6BE831370190}"
EndProject
Project("{8BC9CEB8-8B4A-11D0-8D11-00A0C91BC942}") = "novelties-RU", "novelties\novelties-RU.vcproj", "{EF3318D1-5F53-4FEB-8326-EC0072948C0D}"
EndProject
Project("{8BC9CEB8-8B4A-11D0-8D11-00A0C91BC942}") = "order-RU", "order\order-RU.vcproj", "{4BBFE247-C9B4-4C71-8F38-3882986566D5}"
EndProject
Project("{8BC9CEB8-8B4A-11D0-8D11-00A0C91BC942}") = "sales_plans-RU", "sales_plans\sales_plans-RU.vcproj", "{14BBF78D-D2BB-4A23-84C9-A38258167E63}"
EndProject
Project("{8BC9CEB8-8B4A-11D0-8D11-00A0C91BC942}") = "reclamation-RU", "reclamation\reclamation-RU.vcproj", "{61EE1416-CEEB-46C9-AEA7-EABD7986E5A3}"
EndProject
Project("{8BC9CEB8-8B4A-11D0-8D11-00A0C91BC942}") = "sales_dynamics-RU", "sales_dynamics\sales_dynamics-RU.vcproj", "{9B80A402-7EA2-4177-8133-3DA4319AFEC9}"
EndProject
Project("{8BC9CEB8-8B4A-11D0-8D11-00A0C91BC942}") = "sync_status-RU", "sync_status\sync_status-RU.vcproj", "{5AA4ECC6-6D89-43E7-A1BB-74BA514A0B40}"
EndProject
Project("{8BC9CEB8-8B4A-11D0-8D11-00A0C91BC942}") = "terminals-host-RU", "terminals-host\terminals-host-RU.vcproj", "{E2FD41E4-7738-43D4-88EF-826A667FBE08}"
EndProject
Project("{8BC9CEB8-8B4A-11D0-8D11-00A0C91BC942}") = "terminals-kill-RU", "terminals-kill\terminals-kill-RU.vcproj", "{025A7752-A9AE-4634-9375-F56F2B6FE19A}"
EndProject
Project("{8BC9CEB8-8B4A-11D0-8D11-00A0C91BC942}") = "time-RU", "time\time-RU.vcproj", "{D3986084-3BDF-4BA6-B029-625233E784EA}"
EndProject
Project("{8BC9CEB8-8B4A-11D0-8D11-00A0C91BC942}") = "user_info-RU", "user_info\user_info-RU.vcproj", "{A981B8E1-66C9-48AA-8108-8FC696D2E2CF}"
EndProject
Project("{8BC9CEB8-8B4A-11D0-8D11-00A0C91BC942}") = "version_info-RU", "version_info\version_info-RU.vcproj", "{E67BFDDE-103F-4953-81CF-339A86BEF3EB}"
EndProject
Project("{8BC9CEB8-8B4A-11D0-8D11-00A0C91BC942}") = "work-RU", "work\work-RU.vcproj", "{0B3DCD01-4FBC-45DA-8B82-D63A7D9449D8}"
EndProject
Project("{8BC9CEB8-8B4A-11D0-8D11-00A0C91BC942}") = "kpi", "kpi\kpi.vcproj", "{B215CEE9-4063-4B4A-91BC-778DD0F18454}"
EndProject
Project("{8BC9CEB8-8B4A-11D0-8D11-00A0C91BC942}") = "kpi-RU", "kpi\kpi-RU.vcproj", "{82B08060-7C94-4B02-883A-3E94D59A356C}"
EndProject
Project("{8BC9CEB8-8B4A-11D0-8D11-00A0C91BC942}") = "sales_history", "sales_history\sales_history.vcproj", "{7742FED4-1E4B-45B2-A1F1-F14748E6BCCD}"
EndProject
Project("{8BC9CEB8-8B4A-11D0-8D11-00A0C91BC942}") = "sales_history-RU", "sales_history\sales_history-RU.vcproj", "{C7172CF3-5DF9-40EE-8612-924EB12ABE99}"
EndProject
Project("{8BC9CEB8-8B4A-11D0-8D11-00A0C91BC942}") = "mutual_history", "mutual_history\mutual_history.vcproj", "{CE0228A5-4A66-481B-A206-B0D772508DC4}"
EndProject
Project("{8BC9CEB8-8B4A-11D0-8D11-00A0C91BC942}") = "mutual_history-RU", "mutual_history\mutual_history-RU.vcproj", "{AADD3671-B1BB-415A-A972-BFD56C8304AA}"
EndProject
Project("{8BC9CEB8-8B4A-11D0-8D11-00A0C91BC942}") = "routes-RU", "routes\routes-RU.vcproj", "{AA8837FF-DAEE-4EE9-BB66-0DC01D1FD8E7}"
EndProject
Project("{8BC9CEB8-8B4A-11D0-8D11-00A0C91BC942}") = "routes", "routes\routes.vcproj", "{143DD863-DEC8-46A8-AB34-0D411BCE0124}"
EndProject
Project("{8BC9CEB8-8B4A-11D0-8D11-00A0C91BC942}") = "pos_materials", "pos_materials\pos_materials.vcproj", "{7D994208-1D11-400B-9754-F0CB70BF1445}"
EndProject
Project("{8BC9CEB8-8B4A-11D0-8D11-00A0C91BC942}") = "pos_materials-RU", "pos_materials\pos_materials-RU.vcproj", "{1ABCC3DB-0106-4350-9488-C9291B60E68F}"
EndProject
Project("{8BC9CEB8-8B4A-11D0-8D11-00A0C91BC942}") = "planograms", "planograms\planograms.vcproj", "{34678DC7-D52C-48A6-B844-AFCB8CE125F5}"
EndProject
Project("{8BC9CEB8-8B4A-11D0-8D11-00A0C91BC942}") = "planograms-RU", "planograms\planograms-RU.vcproj", "{B9CE027E-70D1-4B4F-BF9A-8DB8464346D8}"
EndProject
Project("{8BC9CEB8-8B4A-11D0-8D11-00A0C91BC942}") = "presence", "presence\presence.vcproj", "{73D185B4-252B-47A8-878C-3375F3562A48}"
EndProject
Project("{8BC9CEB8-8B4A-11D0-8D11-00A0C91BC942}") = "presence-RU", "presence\presence-RU.vcproj", "{64CE0330-E21E-42B7-9BF2-93242403EDAC}"
EndProject
Project("{8BC9CEB8-8B4A-11D0-8D11-00A0C91BC942}") = "actions-RU", "actions\actions-RU.vcproj", "{ABFF2602-78DC-4877-A9C7-55E083CAD9FD}"
EndProject
Project("{8BC9CEB8-8B4A-11D0-8D11-00A0C91BC942}") = "actions", "actions\actions.vcproj", "{70B25546-4C22-4CBF-8516-F48CF3C001C7}"
EndProject
Project("{8BC9CEB8-8B4A-11D0-8D11-00A0C91BC942}") = "comment-RU", "comment\comment-RU.vcproj", "{80D1CB3B-F402-49FF-8366-9C590E901C93}"
EndProject
Project("{8BC9CEB8-8B4A-11D0-8D11-00A0C91BC942}") = "comment", "comment\comment.vcproj", "{E7A11C21-2876-4B02-A6B8-46FFA155B30C}"
EndProject
Project("{8BC9CEB8-8B4A-11D0-8D11-00A0C91BC942}") = "route_history", "route_history\route_history.vcproj", "{026007C5-5CB5-4BF2-BB9C-465D225B79EA}"
EndProject
Project("{8BC9CEB8-8B4A-11D0-8D11-00A0C91BC942}") = "route_history-RU", "route_history\route_history-RU.vcproj", "{2E4A414A-F128-4FC4-AA5E-342D0C7AF920}"
EndProject
Project("{8BC9CEB8-8B4A-11D0-8D11-00A0C91BC942}") = "location-RU", "location\location-RU.vcproj", "{859EE8DE-B3F8-4C15-B72A-C1FF3E5A2EBC}"
EndProject
Project("{8BC9CEB8-8B4A-11D0-8D11-00A0C91BC942}") = "location", "location\location.vcproj", "{75DBE3E5-85FC-4897-B5D8-E73366FF2665}"
EndProject
Project("{8BC9CEB8-8B4A-11D0-8D11-00A0C91BC942}") = "a_tab-RU", "a_tab\a_tab-RU.vcproj", "{50E49907-98F1-4B47-868A-6A42A457CEDE}"
EndProject
Project("{8BC9CEB8-8B4A-11D0-8D11-00A0C91BC942}") = "a_tab", "a_tab\a_tab.vcproj", "{BEC377E9-AF49-442F-9B1A-8108ACB9DB75}"
EndProject
Project("{8BC9CEB8-8B4A-11D0-8D11-00A0C91BC942}") = "j_docs", "j_docs\j_docs.vcproj", "{F88E5294-1B01-4194-90EF-7A8EBB64E378}"
EndProject
Project("{8BC9CEB8-8B4A-11D0-8D11-00A0C91BC942}") = "j_docs-RU", "j_docs\j_docs-RU.vcproj", "{18FF1E55-4303-4B16-A200-18F647791233}"
EndProject
Project("{8BC9CEB8-8B4A-11D0-8D11-00A0C91BC942}") = "merch", "merch\merch.vcproj", "{580208C5-E7E1-45AE-AD6E-6B07B1ECC66F}"
EndProject
Project("{8BC9CEB8-8B4A-11D0-8D11-00A0C91BC942}") = "merch-RU", "merch\merch-RU.vcproj", "{672F7CFD-682F-4269-9125-0CD6E77286A0}"
EndProject
Project("{8BC9CEB8-8B4A-11D0-8D11-00A0C91BC942}") = "canceling", "canceling\canceling.vcproj", "{8A906F26-E3E9-4251-9424-65B1B86D99D6}"
EndProject
Project("{8BC9CEB8-8B4A-11D0-8D11-00A0C91BC942}") = "canceling-RU", "canceling\canceling-RU.vcproj", "{3463DAFC-99B5-49BE-ACA1-CD537E0A208F}"
EndProject
Project("{8BC9CEB8-8B4A-11D0-8D11-00A0C91BC942}") = "presence_dynamics", "presence_dynamics\presence_dynamics.vcproj", "{14CA0C7A-1EA5-4232-8950-38CBF1693B48}"
EndProject
Project("{8BC9CEB8-8B4A-11D0-8D11-00A0C91BC942}") = "presence_dynamics-RU", "presence_dynamics\presence_dynamics-RU.vcproj", "{47D31A9D-3566-47DA-A435-7C01488E1BC5}"
EndProject
Project("{8BC9CEB8-8B4A-11D0-8D11-00A0C91BC942}") = "unsched", "unsched\unsched.vcproj", "{D59D73F8-B183-4635-B3DA-DC0257FBDC95}"
EndProject
Project("{8BC9CEB8-8B4A-11D0-8D11-00A0C91BC942}") = "unsched-RU", "unsched\unsched-RU.vcproj", "{37DF0688-A789-401C-B1DE-B3B727B04666}"
EndProject
Project("{8BC9CEB8-8B4A-11D0-8D11-00A0C91BC942}") = "new_contact-RU", "new_contact\new_contact-RU.vcproj", "{BEED5EEC-191E-431F-9C73-2962B8369A06}"
EndProject
Project("{8BC9CEB8-8B4A-11D0-8D11-00A0C91BC942}") = "new_contact", "new_contact\new_contact.vcproj", "{F29BF4F6-CFF5-4A34-89C0-6204CC728061}"
EndProject
Project("{8BC9CEB8-8B4A-11D0-8D11-00A0C91BC942}") = "delivery_calendar", "delivery_calendar\delivery_calendar.vcproj", "{76F32038-5059-42C7-95C3-E0FD86AE2048}"
EndProject
Project("{8BC9CEB8-8B4A-11D0-8D11-00A0C91BC942}") = "delivery_calendar-RU", "delivery_calendar\delivery_calendar-RU.vcproj", "{67266229-24F4-45A4-9A45-87E3D3380E2B}"
EndProject
Project("{8BC9CEB8-8B4A-11D0-8D11-00A0C91BC942}") = "action_dynamics", "action_dynamics\action_dynamics.vcproj", "{97E932F5-995F-44EF-9229-044EC6445025}"
EndProject
Project("{8BC9CEB8-8B4A-11D0-8D11-00A0C91BC942}") = "action_dynamics-RU", "action_dynamics\action_dynamics-RU.vcproj", "{A903C564-354E-443E-A512-DE63BDCF99D8}"
EndProject
Global
	GlobalSection(SolutionConfigurationPlatforms) = preSolution
		Debug|Windows Mobile 6 Professional SDK (ARMV4I) = Debug|Windows Mobile 6 Professional SDK (ARMV4I)
		Release|Windows Mobile 6 Professional SDK (ARMV4I) = Release|Windows Mobile 6 Professional SDK (ARMV4I)
	EndGlobalSection
	GlobalSection(ProjectConfigurationPlatforms) = postSolution
		{CE3FD4FD-5249-4907-8381-0DD304AA5469}.Debug|Windows Mobile 6 Professional SDK (ARMV4I).ActiveCfg = Debug|Windows Mobile 6 Professional SDK (ARMV4I)
		{CE3FD4FD-5249-4907-8381-0DD304AA5469}.Debug|Windows Mobile 6 Professional SDK (ARMV4I).Build.0 = Debug|Windows Mobile 6 Professional SDK (ARMV4I)
		{CE3FD4FD-5249-4907-8381-0DD304AA5469}.Debug|Windows Mobile 6 Professional SDK (ARMV4I).Deploy.0 = Debug|Windows Mobile 6 Professional SDK (ARMV4I)
		{CE3FD4FD-5249-4907-8381-0DD304AA5469}.Release|Windows Mobile 6 Professional SDK (ARMV4I).ActiveCfg = Release|Windows Mobile 6 Professional SDK (ARMV4I)
		{CE3FD4FD-5249-4907-8381-0DD304AA5469}.Release|Windows Mobile 6 Professional SDK (ARMV4I).Build.0 = Release|Windows Mobile 6 Professional SDK (ARMV4I)
		{CE3FD4FD-5249-4907-8381-0DD304AA5469}.Release|Windows Mobile 6 Professional SDK (ARMV4I).Deploy.0 = Release|Windows Mobile 6 Professional SDK (ARMV4I)
		{EDE35A66-F8EB-48E0-9712-3E1FE8A41F5C}.Debug|Windows Mobile 6 Professional SDK (ARMV4I).ActiveCfg = Debug|Windows Mobile 6 Professional SDK (ARMV4I)
		{EDE35A66-F8EB-48E0-9712-3E1FE8A41F5C}.Debug|Windows Mobile 6 Professional SDK (ARMV4I).Build.0 = Debug|Windows Mobile 6 Professional SDK (ARMV4I)
		{EDE35A66-F8EB-48E0-9712-3E1FE8A41F5C}.Debug|Windows Mobile 6 Professional SDK (ARMV4I).Deploy.0 = Debug|Windows Mobile 6 Professional SDK (ARMV4I)
		{EDE35A66-F8EB-48E0-9712-3E1FE8A41F5C}.Release|Windows Mobile 6 Professional SDK (ARMV4I).ActiveCfg = Release|Windows Mobile 6 Professional SDK (ARMV4I)
		{EDE35A66-F8EB-48E0-9712-3E1FE8A41F5C}.Release|Windows Mobile 6 Professional SDK (ARMV4I).Build.0 = Release|Windows Mobile 6 Professional SDK (ARMV4I)
		{EDE35A66-F8EB-48E0-9712-3E1FE8A41F5C}.Release|Windows Mobile 6 Professional SDK (ARMV4I).Deploy.0 = Release|Windows Mobile 6 Professional SDK (ARMV4I)
		{E0303909-57C8-4575-A00C-9E915665433D}.Debug|Windows Mobile 6 Professional SDK (ARMV4I).ActiveCfg = Debug|Windows Mobile 6 Professional SDK (ARMV4I)
		{E0303909-57C8-4575-A00C-9E915665433D}.Debug|Windows Mobile 6 Professional SDK (ARMV4I).Build.0 = Debug|Windows Mobile 6 Professional SDK (ARMV4I)
		{E0303909-57C8-4575-A00C-9E915665433D}.Debug|Windows Mobile 6 Professional SDK (ARMV4I).Deploy.0 = Debug|Windows Mobile 6 Professional SDK (ARMV4I)
		{E0303909-57C8-4575-A00C-9E915665433D}.Release|Windows Mobile 6 Professional SDK (ARMV4I).ActiveCfg = Release|Windows Mobile 6 Professional SDK (ARMV4I)
		{E0303909-57C8-4575-A00C-9E915665433D}.Release|Windows Mobile 6 Professional SDK (ARMV4I).Build.0 = Release|Windows Mobile 6 Professional SDK (ARMV4I)
		{E0303909-57C8-4575-A00C-9E915665433D}.Release|Windows Mobile 6 Professional SDK (ARMV4I).Deploy.0 = Release|Windows Mobile 6 Professional SDK (ARMV4I)
		{2586187D-CAAD-4C65-9ABF-6182130C90CA}.Debug|Windows Mobile 6 Professional SDK (ARMV4I).ActiveCfg = Debug|Windows Mobile 6 Professional SDK (ARMV4I)
		{2586187D-CAAD-4C65-9ABF-6182130C90CA}.Debug|Windows Mobile 6 Professional SDK (ARMV4I).Build.0 = Debug|Windows Mobile 6 Professional SDK (ARMV4I)
		{2586187D-CAAD-4C65-9ABF-6182130C90CA}.Debug|Windows Mobile 6 Professional SDK (ARMV4I).Deploy.0 = Debug|Windows Mobile 6 Professional SDK (ARMV4I)
		{2586187D-CAAD-4C65-9ABF-6182130C90CA}.Release|Windows Mobile 6 Professional SDK (ARMV4I).ActiveCfg = Release|Windows Mobile 6 Professional SDK (ARMV4I)
		{2586187D-CAAD-4C65-9ABF-6182130C90CA}.Release|Windows Mobile 6 Professional SDK (ARMV4I).Build.0 = Release|Windows Mobile 6 Professional SDK (ARMV4I)
		{2586187D-CAAD-4C65-9ABF-6182130C90CA}.Release|Windows Mobile 6 Professional SDK (ARMV4I).Deploy.0 = Release|Windows Mobile 6 Professional SDK (ARMV4I)
		{A9716FA9-8F60-4790-B12E-F2FEFE7A45AD}.Debug|Windows Mobile 6 Professional SDK (ARMV4I).ActiveCfg = Debug|Windows Mobile 6 Professional SDK (ARMV4I)
		{A9716FA9-8F60-4790-B12E-F2FEFE7A45AD}.Debug|Windows Mobile 6 Professional SDK (ARMV4I).Build.0 = Debug|Windows Mobile 6 Professional SDK (ARMV4I)
		{A9716FA9-8F60-4790-B12E-F2FEFE7A45AD}.Debug|Windows Mobile 6 Professional SDK (ARMV4I).Deploy.0 = Debug|Windows Mobile 6 Professional SDK (ARMV4I)
		{A9716FA9-8F60-4790-B12E-F2FEFE7A45AD}.Release|Windows Mobile 6 Professional SDK (ARMV4I).ActiveCfg = Release|Windows Mobile 6 Professional SDK (ARMV4I)
		{A9716FA9-8F60-4790-B12E-F2FEFE7A45AD}.Release|Windows Mobile 6 Professional SDK (ARMV4I).Build.0 = Release|Windows Mobile 6 Professional SDK (ARMV4I)
		{A9716FA9-8F60-4790-B12E-F2FEFE7A45AD}.Release|Windows Mobile 6 Professional SDK (ARMV4I).Deploy.0 = Release|Windows Mobile 6 Professional SDK (ARMV4I)
		{FB3E4747-831B-43B3-A345-54F5BC6ED428}.Debug|Windows Mobile 6 Professional SDK (ARMV4I).ActiveCfg = Debug|Windows Mobile 6 Professional SDK (ARMV4I)
		{FB3E4747-831B-43B3-A345-54F5BC6ED428}.Debug|Windows Mobile 6 Professional SDK (ARMV4I).Build.0 = Debug|Windows Mobile 6 Professional SDK (ARMV4I)
		{FB3E4747-831B-43B3-A345-54F5BC6ED428}.Debug|Windows Mobile 6 Professional SDK (ARMV4I).Deploy.0 = Debug|Windows Mobile 6 Professional SDK (ARMV4I)
		{FB3E4747-831B-43B3-A345-54F5BC6ED428}.Release|Windows Mobile 6 Professional SDK (ARMV4I).ActiveCfg = Release|Windows Mobile 6 Professional SDK (ARMV4I)
		{FB3E4747-831B-43B3-A345-54F5BC6ED428}.Release|Windows Mobile 6 Professional SDK (ARMV4I).Build.0 = Release|Windows Mobile 6 Professional SDK (ARMV4I)
		{FB3E4747-831B-43B3-A345-54F5BC6ED428}.Release|Windows Mobile 6 Professional SDK (ARMV4I).Deploy.0 = Release|Windows Mobile 6 Professional SDK (ARMV4I)
		{99A8991A-7A7C-4307-9496-E12D07FED121}.Debug|Windows Mobile 6 Professional SDK (ARMV4I).ActiveCfg = Debug|Windows Mobile 6 Professional SDK (ARMV4I)
		{99A8991A-7A7C-4307-9496-E12D07FED121}.Debug|Windows Mobile 6 Professional SDK (ARMV4I).Build.0 = Debug|Windows Mobile 6 Professional SDK (ARMV4I)
		{99A8991A-7A7C-4307-9496-E12D07FED121}.Debug|Windows Mobile 6 Professional SDK (ARMV4I).Deploy.0 = Debug|Windows Mobile 6 Professional SDK (ARMV4I)
		{99A8991A-7A7C-4307-9496-E12D07FED121}.Release|Windows Mobile 6 Professional SDK (ARMV4I).ActiveCfg = Release|Windows Mobile 6 Professional SDK (ARMV4I)
		{99A8991A-7A7C-4307-9496-E12D07FED121}.Release|Windows Mobile 6 Professional SDK (ARMV4I).Build.0 = Release|Windows Mobile 6 Professional SDK (ARMV4I)
		{99A8991A-7A7C-4307-9496-E12D07FED121}.Release|Windows Mobile 6 Professional SDK (ARMV4I).Deploy.0 = Release|Windows Mobile 6 Professional SDK (ARMV4I)
		{A174B14D-E880-4F72-BA99-8DFA47CBD169}.Debug|Windows Mobile 6 Professional SDK (ARMV4I).ActiveCfg = Debug|Windows Mobile 6 Professional SDK (ARMV4I)
		{A174B14D-E880-4F72-BA99-8DFA47CBD169}.Debug|Windows Mobile 6 Professional SDK (ARMV4I).Build.0 = Debug|Windows Mobile 6 Professional SDK (ARMV4I)
		{A174B14D-E880-4F72-BA99-8DFA47CBD169}.Debug|Windows Mobile 6 Professional SDK (ARMV4I).Deploy.0 = Debug|Windows Mobile 6 Professional SDK (ARMV4I)
		{A174B14D-E880-4F72-BA99-8DFA47CBD169}.Release|Windows Mobile 6 Professional SDK (ARMV4I).ActiveCfg = Release|Windows Mobile 6 Professional SDK (ARMV4I)
		{A174B14D-E880-4F72-BA99-8DFA47CBD169}.Release|Windows Mobile 6 Professional SDK (ARMV4I).Build.0 = Release|Windows Mobile 6 Professional SDK (ARMV4I)
		{A174B14D-E880-4F72-BA99-8DFA47CBD169}.Release|Windows Mobile 6 Professional SDK (ARMV4I).Deploy.0 = Release|Windows Mobile 6 Professional SDK (ARMV4I)
		{CB33AFE7-627F-42DE-93BF-2A70FDE18C30}.Debug|Windows Mobile 6 Professional SDK (ARMV4I).ActiveCfg = Debug|Windows Mobile 6 Professional SDK (ARMV4I)
		{CB33AFE7-627F-42DE-93BF-2A70FDE18C30}.Debug|Windows Mobile 6 Professional SDK (ARMV4I).Build.0 = Debug|Windows Mobile 6 Professional SDK (ARMV4I)
		{CB33AFE7-627F-42DE-93BF-2A70FDE18C30}.Debug|Windows Mobile 6 Professional SDK (ARMV4I).Deploy.0 = Debug|Windows Mobile 6 Professional SDK (ARMV4I)
		{CB33AFE7-627F-42DE-93BF-2A70FDE18C30}.Release|Windows Mobile 6 Professional SDK (ARMV4I).ActiveCfg = Release|Windows Mobile 6 Professional SDK (ARMV4I)
		{CB33AFE7-627F-42DE-93BF-2A70FDE18C30}.Release|Windows Mobile 6 Professional SDK (ARMV4I).Build.0 = Release|Windows Mobile 6 Professional SDK (ARMV4I)
		{CB33AFE7-627F-42DE-93BF-2A70FDE18C30}.Release|Windows Mobile 6 Professional SDK (ARMV4I).Deploy.0 = Release|Windows Mobile 6 Professional SDK (ARMV4I)
		{811A1219-B296-451A-9718-747EB4AD57C6}.Debug|Windows Mobile 6 Professional SDK (ARMV4I).ActiveCfg = Debug|Windows Mobile 6 Professional SDK (ARMV4I)
		{811A1219-B296-451A-9718-747EB4AD57C6}.Debug|Windows Mobile 6 Professional SDK (ARMV4I).Build.0 = Debug|Windows Mobile 6 Professional SDK (ARMV4I)
		{811A1219-B296-451A-9718-747EB4AD57C6}.Debug|Windows Mobile 6 Professional SDK (ARMV4I).Deploy.0 = Debug|Windows Mobile 6 Professional SDK (ARMV4I)
		{811A1219-B296-451A-9718-747EB4AD57C6}.Release|Windows Mobile 6 Professional SDK (ARMV4I).ActiveCfg = Release|Windows Mobile 6 Professional SDK (ARMV4I)
		{811A1219-B296-451A-9718-747EB4AD57C6}.Release|Windows Mobile 6 Professional SDK (ARMV4I).Build.0 = Release|Windows Mobile 6 Professional SDK (ARMV4I)
		{811A1219-B296-451A-9718-747EB4AD57C6}.Release|Windows Mobile 6 Professional SDK (ARMV4I).Deploy.0 = Release|Windows Mobile 6 Professional SDK (ARMV4I)
		{E6007EDE-0AB6-4013-A212-1B5B71D4F365}.Debug|Windows Mobile 6 Professional SDK (ARMV4I).ActiveCfg = Debug|Windows Mobile 6 Professional SDK (ARMV4I)
		{E6007EDE-0AB6-4013-A212-1B5B71D4F365}.Debug|Windows Mobile 6 Professional SDK (ARMV4I).Build.0 = Debug|Windows Mobile 6 Professional SDK (ARMV4I)
		{E6007EDE-0AB6-4013-A212-1B5B71D4F365}.Debug|Windows Mobile 6 Professional SDK (ARMV4I).Deploy.0 = Debug|Windows Mobile 6 Professional SDK (ARMV4I)
		{E6007EDE-0AB6-4013-A212-1B5B71D4F365}.Release|Windows Mobile 6 Professional SDK (ARMV4I).ActiveCfg = Release|Windows Mobile 6 Professional SDK (ARMV4I)
		{E6007EDE-0AB6-4013-A212-1B5B71D4F365}.Release|Windows Mobile 6 Professional SDK (ARMV4I).Build.0 = Release|Windows Mobile 6 Professional SDK (ARMV4I)
		{E6007EDE-0AB6-4013-A212-1B5B71D4F365}.Release|Windows Mobile 6 Professional SDK (ARMV4I).Deploy.0 = Release|Windows Mobile 6 Professional SDK (ARMV4I)
		{65021081-1AA5-4833-87B8-A28B5B5F4331}.Debug|Windows Mobile 6 Professional SDK (ARMV4I).ActiveCfg = Debug|Windows Mobile 6 Professional SDK (ARMV4I)
		{65021081-1AA5-4833-87B8-A28B5B5F4331}.Debug|Windows Mobile 6 Professional SDK (ARMV4I).Build.0 = Debug|Windows Mobile 6 Professional SDK (ARMV4I)
		{65021081-1AA5-4833-87B8-A28B5B5F4331}.Debug|Windows Mobile 6 Professional SDK (ARMV4I).Deploy.0 = Debug|Windows Mobile 6 Professional SDK (ARMV4I)
		{65021081-1AA5-4833-87B8-A28B5B5F4331}.Release|Windows Mobile 6 Professional SDK (ARMV4I).ActiveCfg = Release|Windows Mobile 6 Professional SDK (ARMV4I)
		{65021081-1AA5-4833-87B8-A28B5B5F4331}.Release|Windows Mobile 6 Professional SDK (ARMV4I).Build.0 = Release|Windows Mobile 6 Professional SDK (ARMV4I)
		{65021081-1AA5-4833-87B8-A28B5B5F4331}.Release|Windows Mobile 6 Professional SDK (ARMV4I).Deploy.0 = Release|Windows Mobile 6 Professional SDK (ARMV4I)
		{B2B1FA51-1FF8-4E9C-ADBD-6C554C64D5ED}.Debug|Windows Mobile 6 Professional SDK (ARMV4I).ActiveCfg = Debug|Windows Mobile 6 Professional SDK (ARMV4I)
		{B2B1FA51-1FF8-4E9C-ADBD-6C554C64D5ED}.Debug|Windows Mobile 6 Professional SDK (ARMV4I).Build.0 = Debug|Windows Mobile 6 Professional SDK (ARMV4I)
		{B2B1FA51-1FF8-4E9C-ADBD-6C554C64D5ED}.Debug|Windows Mobile 6 Professional SDK (ARMV4I).Deploy.0 = Debug|Windows Mobile 6 Professional SDK (ARMV4I)
		{B2B1FA51-1FF8-4E9C-ADBD-6C554C64D5ED}.Release|Windows Mobile 6 Professional SDK (ARMV4I).ActiveCfg = Release|Windows Mobile 6 Professional SDK (ARMV4I)
		{B2B1FA51-1FF8-4E9C-ADBD-6C554C64D5ED}.Release|Windows Mobile 6 Professional SDK (ARMV4I).Build.0 = Release|Windows Mobile 6 Professional SDK (ARMV4I)
		{B2B1FA51-1FF8-4E9C-ADBD-6C554C64D5ED}.Release|Windows Mobile 6 Professional SDK (ARMV4I).Deploy.0 = Release|Windows Mobile 6 Professional SDK (ARMV4I)
		{BED79CCA-E196-4765-8CEC-8C1F5955B40C}.Debug|Windows Mobile 6 Professional SDK (ARMV4I).ActiveCfg = Debug|Windows Mobile 6 Professional SDK (ARMV4I)
		{BED79CCA-E196-4765-8CEC-8C1F5955B40C}.Debug|Windows Mobile 6 Professional SDK (ARMV4I).Build.0 = Debug|Windows Mobile 6 Professional SDK (ARMV4I)
		{BED79CCA-E196-4765-8CEC-8C1F5955B40C}.Debug|Windows Mobile 6 Professional SDK (ARMV4I).Deploy.0 = Debug|Windows Mobile 6 Professional SDK (ARMV4I)
		{BED79CCA-E196-4765-8CEC-8C1F5955B40C}.Release|Windows Mobile 6 Professional SDK (ARMV4I).ActiveCfg = Release|Windows Mobile 6 Professional SDK (ARMV4I)
		{BED79CCA-E196-4765-8CEC-8C1F5955B40C}.Release|Windows Mobile 6 Professional SDK (ARMV4I).Build.0 = Release|Windows Mobile 6 Professional SDK (ARMV4I)
		{BED79CCA-E196-4765-8CEC-8C1F5955B40C}.Release|Windows Mobile 6 Professional SDK (ARMV4I).Deploy.0 = Release|Windows Mobile 6 Professional SDK (ARMV4I)
		{3E082505-8785-4C4E-894F-AFCF4F73738D}.Debug|Windows Mobile 6 Professional SDK (ARMV4I).ActiveCfg = Debug|Windows Mobile 6 Professional SDK (ARMV4I)
		{3E082505-8785-4C4E-894F-AFCF4F73738D}.Debug|Windows Mobile 6 Professional SDK (ARMV4I).Build.0 = Debug|Windows Mobile 6 Professional SDK (ARMV4I)
		{3E082505-8785-4C4E-894F-AFCF4F73738D}.Debug|Windows Mobile 6 Professional SDK (ARMV4I).Deploy.0 = Debug|Windows Mobile 6 Professional SDK (ARMV4I)
		{3E082505-8785-4C4E-894F-AFCF4F73738D}.Release|Windows Mobile 6 Professional SDK (ARMV4I).ActiveCfg = Release|Windows Mobile 6 Professional SDK (ARMV4I)
		{3E082505-8785-4C4E-894F-AFCF4F73738D}.Release|Windows Mobile 6 Professional SDK (ARMV4I).Build.0 = Release|Windows Mobile 6 Professional SDK (ARMV4I)
		{3E082505-8785-4C4E-894F-AFCF4F73738D}.Release|Windows Mobile 6 Professional SDK (ARMV4I).Deploy.0 = Release|Windows Mobile 6 Professional SDK (ARMV4I)
		{BEFED46C-2F47-49EF-B9F6-9370070A3BE9}.Debug|Windows Mobile 6 Professional SDK (ARMV4I).ActiveCfg = Debug|Windows Mobile 6 Professional SDK (ARMV4I)
		{BEFED46C-2F47-49EF-B9F6-9370070A3BE9}.Debug|Windows Mobile 6 Professional SDK (ARMV4I).Build.0 = Debug|Windows Mobile 6 Professional SDK (ARMV4I)
		{BEFED46C-2F47-49EF-B9F6-9370070A3BE9}.Debug|Windows Mobile 6 Professional SDK (ARMV4I).Deploy.0 = Debug|Windows Mobile 6 Professional SDK (ARMV4I)
		{BEFED46C-2F47-49EF-B9F6-9370070A3BE9}.Release|Windows Mobile 6 Professional SDK (ARMV4I).ActiveCfg = Release|Windows Mobile 6 Professional SDK (ARMV4I)
		{BEFED46C-2F47-49EF-B9F6-9370070A3BE9}.Release|Windows Mobile 6 Professional SDK (ARMV4I).Build.0 = Release|Windows Mobile 6 Professional SDK (ARMV4I)
		{BEFED46C-2F47-49EF-B9F6-9370070A3BE9}.Release|Windows Mobile 6 Professional SDK (ARMV4I).Deploy.0 = Release|Windows Mobile 6 Professional SDK (ARMV4I)
		{FF8AADE1-703A-49A3-9485-7A0309F92E91}.Debug|Windows Mobile 6 Professional SDK (ARMV4I).ActiveCfg = Debug|Windows Mobile 6 Professional SDK (ARMV4I)
		{FF8AADE1-703A-49A3-9485-7A0309F92E91}.Debug|Windows Mobile 6 Professional SDK (ARMV4I).Build.0 = Debug|Windows Mobile 6 Professional SDK (ARMV4I)
		{FF8AADE1-703A-49A3-9485-7A0309F92E91}.Debug|Windows Mobile 6 Professional SDK (ARMV4I).Deploy.0 = Debug|Windows Mobile 6 Professional SDK (ARMV4I)
		{FF8AADE1-703A-49A3-9485-7A0309F92E91}.Release|Windows Mobile 6 Professional SDK (ARMV4I).ActiveCfg = Release|Windows Mobile 6 Professional SDK (ARMV4I)
		{FF8AADE1-703A-49A3-9485-7A0309F92E91}.Release|Windows Mobile 6 Professional SDK (ARMV4I).Build.0 = Release|Windows Mobile 6 Professional SDK (ARMV4I)
		{FF8AADE1-703A-49A3-9485-7A0309F92E91}.Release|Windows Mobile 6 Professional SDK (ARMV4I).Deploy.0 = Release|Windows Mobile 6 Professional SDK (ARMV4I)
		{96815D51-2B65-444D-A238-E51DE624D73D}.Debug|Windows Mobile 6 Professional SDK (ARMV4I).ActiveCfg = Debug|Windows Mobile 6 Professional SDK (ARMV4I)
		{96815D51-2B65-444D-A238-E51DE624D73D}.Debug|Windows Mobile 6 Professional SDK (ARMV4I).Build.0 = Debug|Windows Mobile 6 Professional SDK (ARMV4I)
		{96815D51-2B65-444D-A238-E51DE624D73D}.Debug|Windows Mobile 6 Professional SDK (ARMV4I).Deploy.0 = Debug|Windows Mobile 6 Professional SDK (ARMV4I)
		{96815D51-2B65-444D-A238-E51DE624D73D}.Release|Windows Mobile 6 Professional SDK (ARMV4I).ActiveCfg = Release|Windows Mobile 6 Professional SDK (ARMV4I)
		{96815D51-2B65-444D-A238-E51DE624D73D}.Release|Windows Mobile 6 Professional SDK (ARMV4I).Build.0 = Release|Windows Mobile 6 Professional SDK (ARMV4I)
		{96815D51-2B65-444D-A238-E51DE624D73D}.Release|Windows Mobile 6 Professional SDK (ARMV4I).Deploy.0 = Release|Windows Mobile 6 Professional SDK (ARMV4I)
		{D996EFB4-684B-4D51-A546-E46EF731462A}.Debug|Windows Mobile 6 Professional SDK (ARMV4I).ActiveCfg = Debug|Windows Mobile 6 Professional SDK (ARMV4I)
		{D996EFB4-684B-4D51-A546-E46EF731462A}.Debug|Windows Mobile 6 Professional SDK (ARMV4I).Build.0 = Debug|Windows Mobile 6 Professional SDK (ARMV4I)
		{D996EFB4-684B-4D51-A546-E46EF731462A}.Debug|Windows Mobile 6 Professional SDK (ARMV4I).Deploy.0 = Debug|Windows Mobile 6 Professional SDK (ARMV4I)
		{D996EFB4-684B-4D51-A546-E46EF731462A}.Release|Windows Mobile 6 Professional SDK (ARMV4I).ActiveCfg = Release|Windows Mobile 6 Professional SDK (ARMV4I)
		{D996EFB4-684B-4D51-A546-E46EF731462A}.Release|Windows Mobile 6 Professional SDK (ARMV4I).Build.0 = Release|Windows Mobile 6 Professional SDK (ARMV4I)
		{D996EFB4-684B-4D51-A546-E46EF731462A}.Release|Windows Mobile 6 Professional SDK (ARMV4I).Deploy.0 = Release|Windows Mobile 6 Professional SDK (ARMV4I)
		{47D71107-2F17-4F1E-A3BC-8DF65B82565F}.Debug|Windows Mobile 6 Professional SDK (ARMV4I).ActiveCfg = Debug|Windows Mobile 6 Professional SDK (ARMV4I)
		{47D71107-2F17-4F1E-A3BC-8DF65B82565F}.Debug|Windows Mobile 6 Professional SDK (ARMV4I).Build.0 = Debug|Windows Mobile 6 Professional SDK (ARMV4I)
		{47D71107-2F17-4F1E-A3BC-8DF65B82565F}.Debug|Windows Mobile 6 Professional SDK (ARMV4I).Deploy.0 = Debug|Windows Mobile 6 Professional SDK (ARMV4I)
		{47D71107-2F17-4F1E-A3BC-8DF65B82565F}.Release|Windows Mobile 6 Professional SDK (ARMV4I).ActiveCfg = Release|Windows Mobile 6 Professional SDK (ARMV4I)
		{47D71107-2F17-4F1E-A3BC-8DF65B82565F}.Release|Windows Mobile 6 Professional SDK (ARMV4I).Build.0 = Release|Windows Mobile 6 Professional SDK (ARMV4I)
		{47D71107-2F17-4F1E-A3BC-8DF65B82565F}.Release|Windows Mobile 6 Professional SDK (ARMV4I).Deploy.0 = Release|Windows Mobile 6 Professional SDK (ARMV4I)
		{1CFCD315-C104-4610-9B77-7235BBA4FB71}.Debug|Windows Mobile 6 Professional SDK (ARMV4I).ActiveCfg = Debug|Windows Mobile 6 Professional SDK (ARMV4I)
		{1CFCD315-C104-4610-9B77-7235BBA4FB71}.Debug|Windows Mobile 6 Professional SDK (ARMV4I).Build.0 = Debug|Windows Mobile 6 Professional SDK (ARMV4I)
		{1CFCD315-C104-4610-9B77-7235BBA4FB71}.Debug|Windows Mobile 6 Professional SDK (ARMV4I).Deploy.0 = Debug|Windows Mobile 6 Professional SDK (ARMV4I)
		{1CFCD315-C104-4610-9B77-7235BBA4FB71}.Release|Windows Mobile 6 Professional SDK (ARMV4I).ActiveCfg = Release|Windows Mobile 6 Professional SDK (ARMV4I)
		{1CFCD315-C104-4610-9B77-7235BBA4FB71}.Release|Windows Mobile 6 Professional SDK (ARMV4I).Build.0 = Release|Windows Mobile 6 Professional SDK (ARMV4I)
		{1CFCD315-C104-4610-9B77-7235BBA4FB71}.Release|Windows Mobile 6 Professional SDK (ARMV4I).Deploy.0 = Release|Windows Mobile 6 Professional SDK (ARMV4I)
		{E429BE8A-C2B8-4648-AC5E-61D0349776A5}.Debug|Windows Mobile 6 Professional SDK (ARMV4I).ActiveCfg = Debug|Windows Mobile 6 Professional SDK (ARMV4I)
		{E429BE8A-C2B8-4648-AC5E-61D0349776A5}.Debug|Windows Mobile 6 Professional SDK (ARMV4I).Build.0 = Debug|Windows Mobile 6 Professional SDK (ARMV4I)
		{E429BE8A-C2B8-4648-AC5E-61D0349776A5}.Debug|Windows Mobile 6 Professional SDK (ARMV4I).Deploy.0 = Debug|Windows Mobile 6 Professional SDK (ARMV4I)
		{E429BE8A-C2B8-4648-AC5E-61D0349776A5}.Release|Windows Mobile 6 Professional SDK (ARMV4I).ActiveCfg = Release|Windows Mobile 6 Professional SDK (ARMV4I)
		{E429BE8A-C2B8-4648-AC5E-61D0349776A5}.Release|Windows Mobile 6 Professional SDK (ARMV4I).Build.0 = Release|Windows Mobile 6 Professional SDK (ARMV4I)
		{E429BE8A-C2B8-4648-AC5E-61D0349776A5}.Release|Windows Mobile 6 Professional SDK (ARMV4I).Deploy.0 = Release|Windows Mobile 6 Professional SDK (ARMV4I)
		{9AC83E1E-B6C9-4F32-9FF2-C277396510ED}.Debug|Windows Mobile 6 Professional SDK (ARMV4I).ActiveCfg = Debug|Windows Mobile 6 Professional SDK (ARMV4I)
		{9AC83E1E-B6C9-4F32-9FF2-C277396510ED}.Debug|Windows Mobile 6 Professional SDK (ARMV4I).Build.0 = Debug|Windows Mobile 6 Professional SDK (ARMV4I)
		{9AC83E1E-B6C9-4F32-9FF2-C277396510ED}.Debug|Windows Mobile 6 Professional SDK (ARMV4I).Deploy.0 = Debug|Windows Mobile 6 Professional SDK (ARMV4I)
		{9AC83E1E-B6C9-4F32-9FF2-C277396510ED}.Release|Windows Mobile 6 Professional SDK (ARMV4I).ActiveCfg = Release|Windows Mobile 6 Professional SDK (ARMV4I)
		{9AC83E1E-B6C9-4F32-9FF2-C277396510ED}.Release|Windows Mobile 6 Professional SDK (ARMV4I).Build.0 = Release|Windows Mobile 6 Professional SDK (ARMV4I)
		{9AC83E1E-B6C9-4F32-9FF2-C277396510ED}.Release|Windows Mobile 6 Professional SDK (ARMV4I).Deploy.0 = Release|Windows Mobile 6 Professional SDK (ARMV4I)
		{07615E60-486D-4C08-A608-6BE831370190}.Debug|Windows Mobile 6 Professional SDK (ARMV4I).ActiveCfg = Debug|Windows Mobile 6 Professional SDK (ARMV4I)
		{07615E60-486D-4C08-A608-6BE831370190}.Debug|Windows Mobile 6 Professional SDK (ARMV4I).Build.0 = Debug|Windows Mobile 6 Professional SDK (ARMV4I)
		{07615E60-486D-4C08-A608-6BE831370190}.Debug|Windows Mobile 6 Professional SDK (ARMV4I).Deploy.0 = Debug|Windows Mobile 6 Professional SDK (ARMV4I)
		{07615E60-486D-4C08-A608-6BE831370190}.Release|Windows Mobile 6 Professional SDK (ARMV4I).ActiveCfg = Release|Windows Mobile 6 Professional SDK (ARMV4I)
		{07615E60-486D-4C08-A608-6BE831370190}.Release|Windows Mobile 6 Professional SDK (ARMV4I).Build.0 = Release|Windows Mobile 6 Professional SDK (ARMV4I)
		{07615E60-486D-4C08-A608-6BE831370190}.Release|Windows Mobile 6 Professional SDK (ARMV4I).Deploy.0 = Release|Windows Mobile 6 Professional SDK (ARMV4I)
		{EF3318D1-5F53-4FEB-8326-EC0072948C0D}.Debug|Windows Mobile 6 Professional SDK (ARMV4I).ActiveCfg = Debug|Windows Mobile 6 Professional SDK (ARMV4I)
		{EF3318D1-5F53-4FEB-8326-EC0072948C0D}.Debug|Windows Mobile 6 Professional SDK (ARMV4I).Build.0 = Debug|Windows Mobile 6 Professional SDK (ARMV4I)
		{EF3318D1-5F53-4FEB-8326-EC0072948C0D}.Debug|Windows Mobile 6 Professional SDK (ARMV4I).Deploy.0 = Debug|Windows Mobile 6 Professional SDK (ARMV4I)
		{EF3318D1-5F53-4FEB-8326-EC0072948C0D}.Release|Windows Mobile 6 Professional SDK (ARMV4I).ActiveCfg = Release|Windows Mobile 6 Professional SDK (ARMV4I)
		{EF3318D1-5F53-4FEB-8326-EC0072948C0D}.Release|Windows Mobile 6 Professional SDK (ARMV4I).Build.0 = Release|Windows Mobile 6 Professional SDK (ARMV4I)
		{EF3318D1-5F53-4FEB-8326-EC0072948C0D}.Release|Windows Mobile 6 Professional SDK (ARMV4I).Deploy.0 = Release|Windows Mobile 6 Professional SDK (ARMV4I)
		{4BBFE247-C9B4-4C71-8F38-3882986566D5}.Debug|Windows Mobile 6 Professional SDK (ARMV4I).ActiveCfg = Debug|Windows Mobile 6 Professional SDK (ARMV4I)
		{4BBFE247-C9B4-4C71-8F38-3882986566D5}.Debug|Windows Mobile 6 Professional SDK (ARMV4I).Build.0 = Debug|Windows Mobile 6 Professional SDK (ARMV4I)
		{4BBFE247-C9B4-4C71-8F38-3882986566D5}.Debug|Windows Mobile 6 Professional SDK (ARMV4I).Deploy.0 = Debug|Windows Mobile 6 Professional SDK (ARMV4I)
		{4BBFE247-C9B4-4C71-8F38-3882986566D5}.Release|Windows Mobile 6 Professional SDK (ARMV4I).ActiveCfg = Release|Windows Mobile 6 Professional SDK (ARMV4I)
		{4BBFE247-C9B4-4C71-8F38-3882986566D5}.Release|Windows Mobile 6 Professional SDK (ARMV4I).Build.0 = Release|Windows Mobile 6 Professional SDK (ARMV4I)
		{4BBFE247-C9B4-4C71-8F38-3882986566D5}.Release|Windows Mobile 6 Professional SDK (ARMV4I).Deploy.0 = Release|Windows Mobile 6 Professional SDK (ARMV4I)
		{14BBF78D-D2BB-4A23-84C9-A38258167E63}.Debug|Windows Mobile 6 Professional SDK (ARMV4I).ActiveCfg = Debug|Windows Mobile 6 Professional SDK (ARMV4I)
		{14BBF78D-D2BB-4A23-84C9-A38258167E63}.Debug|Windows Mobile 6 Professional SDK (ARMV4I).Build.0 = Debug|Windows Mobile 6 Professional SDK (ARMV4I)
		{14BBF78D-D2BB-4A23-84C9-A38258167E63}.Debug|Windows Mobile 6 Professional SDK (ARMV4I).Deploy.0 = Debug|Windows Mobile 6 Professional SDK (ARMV4I)
		{14BBF78D-D2BB-4A23-84C9-A38258167E63}.Release|Windows Mobile 6 Professional SDK (ARMV4I).ActiveCfg = Release|Windows Mobile 6 Professional SDK (ARMV4I)
		{14BBF78D-D2BB-4A23-84C9-A38258167E63}.Release|Windows Mobile 6 Professional SDK (ARMV4I).Build.0 = Release|Windows Mobile 6 Professional SDK (ARMV4I)
		{14BBF78D-D2BB-4A23-84C9-A38258167E63}.Release|Windows Mobile 6 Professional SDK (ARMV4I).Deploy.0 = Release|Windows Mobile 6 Professional SDK (ARMV4I)
		{61EE1416-CEEB-46C9-AEA7-EABD7986E5A3}.Debug|Windows Mobile 6 Professional SDK (ARMV4I).ActiveCfg = Debug|Windows Mobile 6 Professional SDK (ARMV4I)
		{61EE1416-CEEB-46C9-AEA7-EABD7986E5A3}.Debug|Windows Mobile 6 Professional SDK (ARMV4I).Build.0 = Debug|Windows Mobile 6 Professional SDK (ARMV4I)
		{61EE1416-CEEB-46C9-AEA7-EABD7986E5A3}.Debug|Windows Mobile 6 Professional SDK (ARMV4I).Deploy.0 = Debug|Windows Mobile 6 Professional SDK (ARMV4I)
		{61EE1416-CEEB-46C9-AEA7-EABD7986E5A3}.Release|Windows Mobile 6 Professional SDK (ARMV4I).ActiveCfg = Release|Windows Mobile 6 Professional SDK (ARMV4I)
		{61EE1416-CEEB-46C9-AEA7-EABD7986E5A3}.Release|Windows Mobile 6 Professional SDK (ARMV4I).Build.0 = Release|Windows Mobile 6 Professional SDK (ARMV4I)
		{61EE1416-CEEB-46C9-AEA7-EABD7986E5A3}.Release|Windows Mobile 6 Professional SDK (ARMV4I).Deploy.0 = Release|Windows Mobile 6 Professional SDK (ARMV4I)
		{9B80A402-7EA2-4177-8133-3DA4319AFEC9}.Debug|Windows Mobile 6 Professional SDK (ARMV4I).ActiveCfg = Debug|Windows Mobile 6 Professional SDK (ARMV4I)
		{9B80A402-7EA2-4177-8133-3DA4319AFEC9}.Debug|Windows Mobile 6 Professional SDK (ARMV4I).Build.0 = Debug|Windows Mobile 6 Professional SDK (ARMV4I)
		{9B80A402-7EA2-4177-8133-3DA4319AFEC9}.Debug|Windows Mobile 6 Professional SDK (ARMV4I).Deploy.0 = Debug|Windows Mobile 6 Professional SDK (ARMV4I)
		{9B80A402-7EA2-4177-8133-3DA4319AFEC9}.Release|Windows Mobile 6 Professional SDK (ARMV4I).ActiveCfg = Release|Windows Mobile 6 Professional SDK (ARMV4I)
		{9B80A402-7EA2-4177-8133-3DA4319AFEC9}.Release|Windows Mobile 6 Professional SDK (ARMV4I).Build.0 = Release|Windows Mobile 6 Professional SDK (ARMV4I)
		{9B80A402-7EA2-4177-8133-3DA4319AFEC9}.Release|Windows Mobile 6 Professional SDK (ARMV4I).Deploy.0 = Release|Windows Mobile 6 Professional SDK (ARMV4I)
		{5AA4ECC6-6D89-43E7-A1BB-74BA514A0B40}.Debug|Windows Mobile 6 Professional SDK (ARMV4I).ActiveCfg = Debug|Windows Mobile 6 Professional SDK (ARMV4I)
		{5AA4ECC6-6D89-43E7-A1BB-74BA514A0B40}.Debug|Windows Mobile 6 Professional SDK (ARMV4I).Build.0 = Debug|Windows Mobile 6 Professional SDK (ARMV4I)
		{5AA4ECC6-6D89-43E7-A1BB-74BA514A0B40}.Debug|Windows Mobile 6 Professional SDK (ARMV4I).Deploy.0 = Debug|Windows Mobile 6 Professional SDK (ARMV4I)
		{5AA4ECC6-6D89-43E7-A1BB-74BA514A0B40}.Release|Windows Mobile 6 Professional SDK (ARMV4I).ActiveCfg = Release|Windows Mobile 6 Professional SDK (ARMV4I)
		{5AA4ECC6-6D89-43E7-A1BB-74BA514A0B40}.Release|Windows Mobile 6 Professional SDK (ARMV4I).Build.0 = Release|Windows Mobile 6 Professional SDK (ARMV4I)
		{5AA4ECC6-6D89-43E7-A1BB-74BA514A0B40}.Release|Windows Mobile 6 Professional SDK (ARMV4I).Deploy.0 = Release|Windows Mobile 6 Professional SDK (ARMV4I)
		{E2FD41E4-7738-43D4-88EF-826A667FBE08}.Debug|Windows Mobile 6 Professional SDK (ARMV4I).ActiveCfg = Debug|Windows Mobile 6 Professional SDK (ARMV4I)
		{E2FD41E4-7738-43D4-88EF-826A667FBE08}.Debug|Windows Mobile 6 Professional SDK (ARMV4I).Build.0 = Debug|Windows Mobile 6 Professional SDK (ARMV4I)
		{E2FD41E4-7738-43D4-88EF-826A667FBE08}.Debug|Windows Mobile 6 Professional SDK (ARMV4I).Deploy.0 = Debug|Windows Mobile 6 Professional SDK (ARMV4I)
		{E2FD41E4-7738-43D4-88EF-826A667FBE08}.Release|Windows Mobile 6 Professional SDK (ARMV4I).ActiveCfg = Release|Windows Mobile 6 Professional SDK (ARMV4I)
		{E2FD41E4-7738-43D4-88EF-826A667FBE08}.Release|Windows Mobile 6 Professional SDK (ARMV4I).Build.0 = Release|Windows Mobile 6 Professional SDK (ARMV4I)
		{E2FD41E4-7738-43D4-88EF-826A667FBE08}.Release|Windows Mobile 6 Professional SDK (ARMV4I).Deploy.0 = Release|Windows Mobile 6 Professional SDK (ARMV4I)
		{025A7752-A9AE-4634-9375-F56F2B6FE19A}.Debug|Windows Mobile 6 Professional SDK (ARMV4I).ActiveCfg = Debug|Windows Mobile 6 Professional SDK (ARMV4I)
		{025A7752-A9AE-4634-9375-F56F2B6FE19A}.Debug|Windows Mobile 6 Professional SDK (ARMV4I).Build.0 = Debug|Windows Mobile 6 Professional SDK (ARMV4I)
		{025A7752-A9AE-4634-9375-F56F2B6FE19A}.Debug|Windows Mobile 6 Professional SDK (ARMV4I).Deploy.0 = Debug|Windows Mobile 6 Professional SDK (ARMV4I)
		{025A7752-A9AE-4634-9375-F56F2B6FE19A}.Release|Windows Mobile 6 Professional SDK (ARMV4I).ActiveCfg = Release|Windows Mobile 6 Professional SDK (ARMV4I)
		{025A7752-A9AE-4634-9375-F56F2B6FE19A}.Release|Windows Mobile 6 Professional SDK (ARMV4I).Build.0 = Release|Windows Mobile 6 Professional SDK (ARMV4I)
		{025A7752-A9AE-4634-9375-F56F2B6FE19A}.Release|Windows Mobile 6 Professional SDK (ARMV4I).Deploy.0 = Release|Windows Mobile 6 Professional SDK (ARMV4I)
		{D3986084-3BDF-4BA6-B029-625233E784EA}.Debug|Windows Mobile 6 Professional SDK (ARMV4I).ActiveCfg = Debug|Windows Mobile 6 Professional SDK (ARMV4I)
		{D3986084-3BDF-4BA6-B029-625233E784EA}.Debug|Windows Mobile 6 Professional SDK (ARMV4I).Build.0 = Debug|Windows Mobile 6 Professional SDK (ARMV4I)
		{D3986084-3BDF-4BA6-B029-625233E784EA}.Debug|Windows Mobile 6 Professional SDK (ARMV4I).Deploy.0 = Debug|Windows Mobile 6 Professional SDK (ARMV4I)
		{D3986084-3BDF-4BA6-B029-625233E784EA}.Release|Windows Mobile 6 Professional SDK (ARMV4I).ActiveCfg = Release|Windows Mobile 6 Professional SDK (ARMV4I)
		{D3986084-3BDF-4BA6-B029-625233E784EA}.Release|Windows Mobile 6 Professional SDK (ARMV4I).Build.0 = Release|Windows Mobile 6 Professional SDK (ARMV4I)
		{D3986084-3BDF-4BA6-B029-625233E784EA}.Release|Windows Mobile 6 Professional SDK (ARMV4I).Deploy.0 = Release|Windows Mobile 6 Professional SDK (ARMV4I)
		{A981B8E1-66C9-48AA-8108-8FC696D2E2CF}.Debug|Windows Mobile 6 Professional SDK (ARMV4I).ActiveCfg = Debug|Windows Mobile 6 Professional SDK (ARMV4I)
		{A981B8E1-66C9-48AA-8108-8FC696D2E2CF}.Debug|Windows Mobile 6 Professional SDK (ARMV4I).Build.0 = Debug|Windows Mobile 6 Professional SDK (ARMV4I)
		{A981B8E1-66C9-48AA-8108-8FC696D2E2CF}.Debug|Windows Mobile 6 Professional SDK (ARMV4I).Deploy.0 = Debug|Windows Mobile 6 Professional SDK (ARMV4I)
		{A981B8E1-66C9-48AA-8108-8FC696D2E2CF}.Release|Windows Mobile 6 Professional SDK (ARMV4I).ActiveCfg = Release|Windows Mobile 6 Professional SDK (ARMV4I)
		{A981B8E1-66C9-48AA-8108-8FC696D2E2CF}.Release|Windows Mobile 6 Professional SDK (ARMV4I).Build.0 = Release|Windows Mobile 6 Professional SDK (ARMV4I)
		{A981B8E1-66C9-48AA-8108-8FC696D2E2CF}.Release|Windows Mobile 6 Professional SDK (ARMV4I).Deploy.0 = Release|Windows Mobile 6 Professional SDK (ARMV4I)
		{E67BFDDE-103F-4953-81CF-339A86BEF3EB}.Debug|Windows Mobile 6 Professional SDK (ARMV4I).ActiveCfg = Debug|Windows Mobile 6 Professional SDK (ARMV4I)
		{E67BFDDE-103F-4953-81CF-339A86BEF3EB}.Debug|Windows Mobile 6 Professional SDK (ARMV4I).Build.0 = Debug|Windows Mobile 6 Professional SDK (ARMV4I)
		{E67BFDDE-103F-4953-81CF-339A86BEF3EB}.Debug|Windows Mobile 6 Professional SDK (ARMV4I).Deploy.0 = Debug|Windows Mobile 6 Professional SDK (ARMV4I)
		{E67BFDDE-103F-4953-81CF-339A86BEF3EB}.Release|Windows Mobile 6 Professional SDK (ARMV4I).ActiveCfg = Release|Windows Mobile 6 Professional SDK (ARMV4I)
		{E67BFDDE-103F-4953-81CF-339A86BEF3EB}.Release|Windows Mobile 6 Professional SDK (ARMV4I).Build.0 = Release|Windows Mobile 6 Professional SDK (ARMV4I)
		{E67BFDDE-103F-4953-81CF-339A86BEF3EB}.Release|Windows Mobile 6 Professional SDK (ARMV4I).Deploy.0 = Release|Windows Mobile 6 Professional SDK (ARMV4I)
		{0B3DCD01-4FBC-45DA-8B82-D63A7D9449D8}.Debug|Windows Mobile 6 Professional SDK (ARMV4I).ActiveCfg = Debug|Windows Mobile 6 Professional SDK (ARMV4I)
		{0B3DCD01-4FBC-45DA-8B82-D63A7D9449D8}.Debug|Windows Mobile 6 Professional SDK (ARMV4I).Build.0 = Debug|Windows Mobile 6 Professional SDK (ARMV4I)
		{0B3DCD01-4FBC-45DA-8B82-D63A7D9449D8}.Debug|Windows Mobile 6 Professional SDK (ARMV4I).Deploy.0 = Debug|Windows Mobile 6 Professional SDK (ARMV4I)
		{0B3DCD01-4FBC-45DA-8B82-D63A7D9449D8}.Release|Windows Mobile 6 Professional SDK (ARMV4I).ActiveCfg = Release|Windows Mobile 6 Professional SDK (ARMV4I)
		{0B3DCD01-4FBC-45DA-8B82-D63A7D9449D8}.Release|Windows Mobile 6 Professional SDK (ARMV4I).Build.0 = Release|Windows Mobile 6 Professional SDK (ARMV4I)
		{0B3DCD01-4FBC-45DA-8B82-D63A7D9449D8}.Release|Windows Mobile 6 Professional SDK (ARMV4I).Deploy.0 = Release|Windows Mobile 6 Professional SDK (ARMV4I)
		{B215CEE9-4063-4B4A-91BC-778DD0F18454}.Debug|Windows Mobile 6 Professional SDK (ARMV4I).ActiveCfg = Debug|Windows Mobile 6 Professional SDK (ARMV4I)
		{B215CEE9-4063-4B4A-91BC-778DD0F18454}.Debug|Windows Mobile 6 Professional SDK (ARMV4I).Build.0 = Debug|Windows Mobile 6 Professional SDK (ARMV4I)
		{B215CEE9-4063-4B4A-91BC-778DD0F18454}.Debug|Windows Mobile 6 Professional SDK (ARMV4I).Deploy.0 = Debug|Windows Mobile 6 Professional SDK (ARMV4I)
		{B215CEE9-4063-4B4A-91BC-778DD0F18454}.Release|Windows Mobile 6 Professional SDK (ARMV4I).ActiveCfg = Release|Windows Mobile 6 Professional SDK (ARMV4I)
		{B215CEE9-4063-4B4A-91BC-778DD0F18454}.Release|Windows Mobile 6 Professional SDK (ARMV4I).Build.0 = Release|Windows Mobile 6 Professional SDK (ARMV4I)
		{B215CEE9-4063-4B4A-91BC-778DD0F18454}.Release|Windows Mobile 6 Professional SDK (ARMV4I).Deploy.0 = Release|Windows Mobile 6 Professional SDK (ARMV4I)
		{82B08060-7C94-4B02-883A-3E94D59A356C}.Debug|Windows Mobile 6 Professional SDK (ARMV4I).ActiveCfg = Debug|Windows Mobile 6 Professional SDK (ARMV4I)
		{82B08060-7C94-4B02-883A-3E94D59A356C}.Debug|Windows Mobile 6 Professional SDK (ARMV4I).Build.0 = Debug|Windows Mobile 6 Professional SDK (ARMV4I)
		{82B08060-7C94-4B02-883A-3E94D59A356C}.Debug|Windows Mobile 6 Professional SDK (ARMV4I).Deploy.0 = Debug|Windows Mobile 6 Professional SDK (ARMV4I)
		{82B08060-7C94-4B02-883A-3E94D59A356C}.Release|Windows Mobile 6 Professional SDK (ARMV4I).ActiveCfg = Release|Windows Mobile 6 Professional SDK (ARMV4I)
		{82B08060-7C94-4B02-883A-3E94D59A356C}.Release|Windows Mobile 6 Professional SDK (ARMV4I).Build.0 = Release|Windows Mobile 6 Professional SDK (ARMV4I)
		{82B08060-7C94-4B02-883A-3E94D59A356C}.Release|Windows Mobile 6 Professional SDK (ARMV4I).Deploy.0 = Release|Windows Mobile 6 Professional SDK (ARMV4I)
		{7742FED4-1E4B-45B2-A1F1-F14748E6BCCD}.Debug|Windows Mobile 6 Professional SDK (ARMV4I).ActiveCfg = Debug|Windows Mobile 6 Professional SDK (ARMV4I)
		{7742FED4-1E4B-45B2-A1F1-F14748E6BCCD}.Debug|Windows Mobile 6 Professional SDK (ARMV4I).Build.0 = Debug|Windows Mobile 6 Professional SDK (ARMV4I)
		{7742FED4-1E4B-45B2-A1F1-F14748E6BCCD}.Debug|Windows Mobile 6 Professional SDK (ARMV4I).Deploy.0 = Debug|Windows Mobile 6 Professional SDK (ARMV4I)
		{7742FED4-1E4B-45B2-A1F1-F14748E6BCCD}.Release|Windows Mobile 6 Professional SDK (ARMV4I).ActiveCfg = Release|Windows Mobile 6 Professional SDK (ARMV4I)
		{7742FED4-1E4B-45B2-A1F1-F14748E6BCCD}.Release|Windows Mobile 6 Professional SDK (ARMV4I).Build.0 = Release|Windows Mobile 6 Professional SDK (ARMV4I)
		{7742FED4-1E4B-45B2-A1F1-F14748E6BCCD}.Release|Windows Mobile 6 Professional SDK (ARMV4I).Deploy.0 = Release|Windows Mobile 6 Professional SDK (ARMV4I)
		{C7172CF3-5DF9-40EE-8612-924EB12ABE99}.Debug|Windows Mobile 6 Professional SDK (ARMV4I).ActiveCfg = Debug|Windows Mobile 6 Professional SDK (ARMV4I)
		{C7172CF3-5DF9-40EE-8612-924EB12ABE99}.Debug|Windows Mobile 6 Professional SDK (ARMV4I).Build.0 = Debug|Windows Mobile 6 Professional SDK (ARMV4I)
		{C7172CF3-5DF9-40EE-8612-924EB12ABE99}.Debug|Windows Mobile 6 Professional SDK (ARMV4I).Deploy.0 = Debug|Windows Mobile 6 Professional SDK (ARMV4I)
		{C7172CF3-5DF9-40EE-8612-924EB12ABE99}.Release|Windows Mobile 6 Professional SDK (ARMV4I).ActiveCfg = Release|Windows Mobile 6 Professional SDK (ARMV4I)
		{C7172CF3-5DF9-40EE-8612-924EB12ABE99}.Release|Windows Mobile 6 Professional SDK (ARMV4I).Build.0 = Release|Windows Mobile 6 Professional SDK (ARMV4I)
		{C7172CF3-5DF9-40EE-8612-924EB12ABE99}.Release|Windows Mobile 6 Professional SDK (ARMV4I).Deploy.0 = Release|Windows Mobile 6 Professional SDK (ARMV4I)
		{CE0228A5-4A66-481B-A206-B0D772508DC4}.Debug|Windows Mobile 6 Professional SDK (ARMV4I).ActiveCfg = Debug|Windows Mobile 6 Professional SDK (ARMV4I)
		{CE0228A5-4A66-481B-A206-B0D772508DC4}.Debug|Windows Mobile 6 Professional SDK (ARMV4I).Build.0 = Debug|Windows Mobile 6 Professional SDK (ARMV4I)
		{CE0228A5-4A66-481B-A206-B0D772508DC4}.Debug|Windows Mobile 6 Professional SDK (ARMV4I).Deploy.0 = Debug|Windows Mobile 6 Professional SDK (ARMV4I)
		{CE0228A5-4A66-481B-A206-B0D772508DC4}.Release|Windows Mobile 6 Professional SDK (ARMV4I).ActiveCfg = Release|Windows Mobile 6 Professional SDK (ARMV4I)
		{CE0228A5-4A66-481B-A206-B0D772508DC4}.Release|Windows Mobile 6 Professional SDK (ARMV4I).Build.0 = Release|Windows Mobile 6 Professional SDK (ARMV4I)
		{CE0228A5-4A66-481B-A206-B0D772508DC4}.Release|Windows Mobile 6 Professional SDK (ARMV4I).Deploy.0 = Release|Windows Mobile 6 Professional SDK (ARMV4I)
		{AADD3671-B1BB-415A-A972-BFD56C8304AA}.Debug|Windows Mobile 6 Professional SDK (ARMV4I).ActiveCfg = Debug|Windows Mobile 6 Professional SDK (ARMV4I)
		{AADD3671-B1BB-415A-A972-BFD56C8304AA}.Debug|Windows Mobile 6 Professional SDK (ARMV4I).Build.0 = Debug|Windows Mobile 6 Professional SDK (ARMV4I)
		{AADD3671-B1BB-415A-A972-BFD56C8304AA}.Debug|Windows Mobile 6 Professional SDK (ARMV4I).Deploy.0 = Debug|Windows Mobile 6 Professional SDK (ARMV4I)
		{AADD3671-B1BB-415A-A972-BFD56C8304AA}.Release|Windows Mobile 6 Professional SDK (ARMV4I).ActiveCfg = Release|Windows Mobile 6 Professional SDK (ARMV4I)
		{AADD3671-B1BB-415A-A972-BFD56C8304AA}.Release|Windows Mobile 6 Professional SDK (ARMV4I).Build.0 = Release|Windows Mobile 6 Professional SDK (ARMV4I)
		{AADD3671-B1BB-415A-A972-BFD56C8304AA}.Release|Windows Mobile 6 Professional SDK (ARMV4I).Deploy.0 = Release|Windows Mobile 6 Professional SDK (ARMV4I)
		{AA8837FF-DAEE-4EE9-BB66-0DC01D1FD8E7}.Debug|Windows Mobile 6 Professional SDK (ARMV4I).ActiveCfg = Debug|Windows Mobile 6 Professional SDK (ARMV4I)
		{AA8837FF-DAEE-4EE9-BB66-0DC01D1FD8E7}.Debug|Windows Mobile 6 Professional SDK (ARMV4I).Build.0 = Debug|Windows Mobile 6 Professional SDK (ARMV4I)
		{AA8837FF-DAEE-4EE9-BB66-0DC01D1FD8E7}.Debug|Windows Mobile 6 Professional SDK (ARMV4I).Deploy.0 = Debug|Windows Mobile 6 Professional SDK (ARMV4I)
		{AA8837FF-DAEE-4EE9-BB66-0DC01D1FD8E7}.Release|Windows Mobile 6 Professional SDK (ARMV4I).ActiveCfg = Release|Windows Mobile 6 Professional SDK (ARMV4I)
		{AA8837FF-DAEE-4EE9-BB66-0DC01D1FD8E7}.Release|Windows Mobile 6 Professional SDK (ARMV4I).Build.0 = Release|Windows Mobile 6 Professional SDK (ARMV4I)
		{AA8837FF-DAEE-4EE9-BB66-0DC01D1FD8E7}.Release|Windows Mobile 6 Professional SDK (ARMV4I).Deploy.0 = Release|Windows Mobile 6 Professional SDK (ARMV4I)
		{143DD863-DEC8-46A8-AB34-0D411BCE0124}.Debug|Windows Mobile 6 Professional SDK (ARMV4I).ActiveCfg = Debug|Windows Mobile 6 Professional SDK (ARMV4I)
		{143DD863-DEC8-46A8-AB34-0D411BCE0124}.Debug|Windows Mobile 6 Professional SDK (ARMV4I).Build.0 = Debug|Windows Mobile 6 Professional SDK (ARMV4I)
		{143DD863-DEC8-46A8-AB34-0D411BCE0124}.Debug|Windows Mobile 6 Professional SDK (ARMV4I).Deploy.0 = Debug|Windows Mobile 6 Professional SDK (ARMV4I)
		{143DD863-DEC8-46A8-AB34-0D411BCE0124}.Release|Windows Mobile 6 Professional SDK (ARMV4I).ActiveCfg = Release|Windows Mobile 6 Professional SDK (ARMV4I)
		{143DD863-DEC8-46A8-AB34-0D411BCE0124}.Release|Windows Mobile 6 Professional SDK (ARMV4I).Build.0 = Release|Windows Mobile 6 Professional SDK (ARMV4I)
		{143DD863-DEC8-46A8-AB34-0D411BCE0124}.Release|Windows Mobile 6 Professional SDK (ARMV4I).Deploy.0 = Release|Windows Mobile 6 Professional SDK (ARMV4I)
		{7D994208-1D11-400B-9754-F0CB70BF1445}.Debug|Windows Mobile 6 Professional SDK (ARMV4I).ActiveCfg = Debug|Windows Mobile 6 Professional SDK (ARMV4I)
		{7D994208-1D11-400B-9754-F0CB70BF1445}.Debug|Windows Mobile 6 Professional SDK (ARMV4I).Build.0 = Debug|Windows Mobile 6 Professional SDK (ARMV4I)
		{7D994208-1D11-400B-9754-F0CB70BF1445}.Debug|Windows Mobile 6 Professional SDK (ARMV4I).Deploy.0 = Debug|Windows Mobile 6 Professional SDK (ARMV4I)
		{7D994208-1D11-400B-9754-F0CB70BF1445}.Release|Windows Mobile 6 Professional SDK (ARMV4I).ActiveCfg = Release|Windows Mobile 6 Professional SDK (ARMV4I)
		{7D994208-1D11-400B-9754-F0CB70BF1445}.Release|Windows Mobile 6 Professional SDK (ARMV4I).Build.0 = Release|Windows Mobile 6 Professional SDK (ARMV4I)
		{7D994208-1D11-400B-9754-F0CB70BF1445}.Release|Windows Mobile 6 Professional SDK (ARMV4I).Deploy.0 = Release|Windows Mobile 6 Professional SDK (ARMV4I)
		{1ABCC3DB-0106-4350-9488-C9291B60E68F}.Debug|Windows Mobile 6 Professional SDK (ARMV4I).ActiveCfg = Debug|Windows Mobile 6 Professional SDK (ARMV4I)
		{1ABCC3DB-0106-4350-9488-C9291B60E68F}.Debug|Windows Mobile 6 Professional SDK (ARMV4I).Build.0 = Debug|Windows Mobile 6 Professional SDK (ARMV4I)
		{1ABCC3DB-0106-4350-9488-C9291B60E68F}.Debug|Windows Mobile 6 Professional SDK (ARMV4I).Deploy.0 = Debug|Windows Mobile 6 Professional SDK (ARMV4I)
		{1ABCC3DB-0106-4350-9488-C9291B60E68F}.Release|Windows Mobile 6 Professional SDK (ARMV4I).ActiveCfg = Release|Windows Mobile 6 Professional SDK (ARMV4I)
		{1ABCC3DB-0106-4350-9488-C9291B60E68F}.Release|Windows Mobile 6 Professional SDK (ARMV4I).Build.0 = Release|Windows Mobile 6 Professional SDK (ARMV4I)
		{1ABCC3DB-0106-4350-9488-C9291B60E68F}.Release|Windows Mobile 6 Professional SDK (ARMV4I).Deploy.0 = Release|Windows Mobile 6 Professional SDK (ARMV4I)
		{34678DC7-D52C-48A6-B844-AFCB8CE125F5}.Debug|Windows Mobile 6 Professional SDK (ARMV4I).ActiveCfg = Debug|Windows Mobile 6 Professional SDK (ARMV4I)
		{34678DC7-D52C-48A6-B844-AFCB8CE125F5}.Debug|Windows Mobile 6 Professional SDK (ARMV4I).Build.0 = Debug|Windows Mobile 6 Professional SDK (ARMV4I)
		{34678DC7-D52C-48A6-B844-AFCB8CE125F5}.Debug|Windows Mobile 6 Professional SDK (ARMV4I).Deploy.0 = Debug|Windows Mobile 6 Professional SDK (ARMV4I)
		{34678DC7-D52C-48A6-B844-AFCB8CE125F5}.Release|Windows Mobile 6 Professional SDK (ARMV4I).ActiveCfg = Release|Windows Mobile 6 Professional SDK (ARMV4I)
		{34678DC7-D52C-48A6-B844-AFCB8CE125F5}.Release|Windows Mobile 6 Professional SDK (ARMV4I).Build.0 = Release|Windows Mobile 6 Professional SDK (ARMV4I)
		{34678DC7-D52C-48A6-B844-AFCB8CE125F5}.Release|Windows Mobile 6 Professional SDK (ARMV4I).Deploy.0 = Release|Windows Mobile 6 Professional SDK (ARMV4I)
		{B9CE027E-70D1-4B4F-BF9A-8DB8464346D8}.Debug|Windows Mobile 6 Professional SDK (ARMV4I).ActiveCfg = Debug|Windows Mobile 6 Professional SDK (ARMV4I)
		{B9CE027E-70D1-4B4F-BF9A-8DB8464346D8}.Debug|Windows Mobile 6 Professional SDK (ARMV4I).Build.0 = Debug|Windows Mobile 6 Professional SDK (ARMV4I)
		{B9CE027E-70D1-4B4F-BF9A-8DB8464346D8}.Debug|Windows Mobile 6 Professional SDK (ARMV4I).Deploy.0 = Debug|Windows Mobile 6 Professional SDK (ARMV4I)
		{B9CE027E-70D1-4B4F-BF9A-8DB8464346D8}.Release|Windows Mobile 6 Professional SDK (ARMV4I).ActiveCfg = Release|Windows Mobile 6 Professional SDK (ARMV4I)
		{B9CE027E-70D1-4B4F-BF9A-8DB8464346D8}.Release|Windows Mobile 6 Professional SDK (ARMV4I).Build.0 = Release|Windows Mobile 6 Professional SDK (ARMV4I)
		{B9CE027E-70D1-4B4F-BF9A-8DB8464346D8}.Release|Windows Mobile 6 Professional SDK (ARMV4I).Deploy.0 = Release|Windows Mobile 6 Professional SDK (ARMV4I)
		{73D185B4-252B-47A8-878C-3375F3562A48}.Debug|Windows Mobile 6 Professional SDK (ARMV4I).ActiveCfg = Debug|Windows Mobile 6 Professional SDK (ARMV4I)
		{73D185B4-252B-47A8-878C-3375F3562A48}.Debug|Windows Mobile 6 Professional SDK (ARMV4I).Build.0 = Debug|Windows Mobile 6 Professional SDK (ARMV4I)
		{73D185B4-252B-47A8-878C-3375F3562A48}.Debug|Windows Mobile 6 Professional SDK (ARMV4I).Deploy.0 = Debug|Windows Mobile 6 Professional SDK (ARMV4I)
		{73D185B4-252B-47A8-878C-3375F3562A48}.Release|Windows Mobile 6 Professional SDK (ARMV4I).ActiveCfg = Release|Windows Mobile 6 Professional SDK (ARMV4I)
		{73D185B4-252B-47A8-878C-3375F3562A48}.Release|Windows Mobile 6 Professional SDK (ARMV4I).Build.0 = Release|Windows Mobile 6 Professional SDK (ARMV4I)
		{73D185B4-252B-47A8-878C-3375F3562A48}.Release|Windows Mobile 6 Professional SDK (ARMV4I).Deploy.0 = Release|Windows Mobile 6 Professional SDK (ARMV4I)
		{64CE0330-E21E-42B7-9BF2-93242403EDAC}.Debug|Windows Mobile 6 Professional SDK (ARMV4I).ActiveCfg = Debug|Windows Mobile 6 Professional SDK (ARMV4I)
		{64CE0330-E21E-42B7-9BF2-93242403EDAC}.Debug|Windows Mobile 6 Professional SDK (ARMV4I).Build.0 = Debug|Windows Mobile 6 Professional SDK (ARMV4I)
		{64CE0330-E21E-42B7-9BF2-93242403EDAC}.Debug|Windows Mobile 6 Professional SDK (ARMV4I).Deploy.0 = Debug|Windows Mobile 6 Professional SDK (ARMV4I)
		{64CE0330-E21E-42B7-9BF2-93242403EDAC}.Release|Windows Mobile 6 Professional SDK (ARMV4I).ActiveCfg = Release|Windows Mobile 6 Professional SDK (ARMV4I)
		{64CE0330-E21E-42B7-9BF2-93242403EDAC}.Release|Windows Mobile 6 Professional SDK (ARMV4I).Build.0 = Release|Windows Mobile 6 Professional SDK (ARMV4I)
		{64CE0330-E21E-42B7-9BF2-93242403EDAC}.Release|Windows Mobile 6 Professional SDK (ARMV4I).Deploy.0 = Release|Windows Mobile 6 Professional SDK (ARMV4I)
		{ABFF2602-78DC-4877-A9C7-55E083CAD9FD}.Debug|Windows Mobile 6 Professional SDK (ARMV4I).ActiveCfg = Debug|Windows Mobile 6 Professional SDK (ARMV4I)
		{ABFF2602-78DC-4877-A9C7-55E083CAD9FD}.Debug|Windows Mobile 6 Professional SDK (ARMV4I).Build.0 = Debug|Windows Mobile 6 Professional SDK (ARMV4I)
		{ABFF2602-78DC-4877-A9C7-55E083CAD9FD}.Debug|Windows Mobile 6 Professional SDK (ARMV4I).Deploy.0 = Debug|Windows Mobile 6 Professional SDK (ARMV4I)
		{ABFF2602-78DC-4877-A9C7-55E083CAD9FD}.Release|Windows Mobile 6 Professional SDK (ARMV4I).ActiveCfg = Release|Windows Mobile 6 Professional SDK (ARMV4I)
		{ABFF2602-78DC-4877-A9C7-55E083CAD9FD}.Release|Windows Mobile 6 Professional SDK (ARMV4I).Build.0 = Release|Windows Mobile 6 Professional SDK (ARMV4I)
		{ABFF2602-78DC-4877-A9C7-55E083CAD9FD}.Release|Windows Mobile 6 Professional SDK (ARMV4I).Deploy.0 = Release|Windows Mobile 6 Professional SDK (ARMV4I)
		{70B25546-4C22-4CBF-8516-F48CF3C001C7}.Debug|Windows Mobile 6 Professional SDK (ARMV4I).ActiveCfg = Debug|Windows Mobile 6 Professional SDK (ARMV4I)
		{70B25546-4C22-4CBF-8516-F48CF3C001C7}.Debug|Windows Mobile 6 Professional SDK (ARMV4I).Build.0 = Debug|Windows Mobile 6 Professional SDK (ARMV4I)
		{70B25546-4C22-4CBF-8516-F48CF3C001C7}.Debug|Windows Mobile 6 Professional SDK (ARMV4I).Deploy.0 = Debug|Windows Mobile 6 Professional SDK (ARMV4I)
		{70B25546-4C22-4CBF-8516-F48CF3C001C7}.Release|Windows Mobile 6 Professional SDK (ARMV4I).ActiveCfg = Release|Windows Mobile 6 Professional SDK (ARMV4I)
		{70B25546-4C22-4CBF-8516-F48CF3C001C7}.Release|Windows Mobile 6 Professional SDK (ARMV4I).Build.0 = Release|Windows Mobile 6 Professional SDK (ARMV4I)
		{70B25546-4C22-4CBF-8516-F48CF3C001C7}.Release|Windows Mobile 6 Professional SDK (ARMV4I).Deploy.0 = Release|Windows Mobile 6 Professional SDK (ARMV4I)
		{80D1CB3B-F402-49FF-8366-9C590E901C93}.Debug|Windows Mobile 6 Professional SDK (ARMV4I).ActiveCfg = Debug|Windows Mobile 6 Professional SDK (ARMV4I)
		{80D1CB3B-F402-49FF-8366-9C590E901C93}.Debug|Windows Mobile 6 Professional SDK (ARMV4I).Build.0 = Debug|Windows Mobile 6 Professional SDK (ARMV4I)
		{80D1CB3B-F402-49FF-8366-9C590E901C93}.Debug|Windows Mobile 6 Professional SDK (ARMV4I).Deploy.0 = Debug|Windows Mobile 6 Professional SDK (ARMV4I)
		{80D1CB3B-F402-49FF-8366-9C590E901C93}.Release|Windows Mobile 6 Professional SDK (ARMV4I).ActiveCfg = Release|Windows Mobile 6 Professional SDK (ARMV4I)
		{80D1CB3B-F402-49FF-8366-9C590E901C93}.Release|Windows Mobile 6 Professional SDK (ARMV4I).Build.0 = Release|Windows Mobile 6 Professional SDK (ARMV4I)
		{80D1CB3B-F402-49FF-8366-9C590E901C93}.Release|Windows Mobile 6 Professional SDK (ARMV4I).Deploy.0 = Release|Windows Mobile 6 Professional SDK (ARMV4I)
		{E7A11C21-2876-4B02-A6B8-46FFA155B30C}.Debug|Windows Mobile 6 Professional SDK (ARMV4I).ActiveCfg = Debug|Windows Mobile 6 Professional SDK (ARMV4I)
		{E7A11C21-2876-4B02-A6B8-46FFA155B30C}.Debug|Windows Mobile 6 Professional SDK (ARMV4I).Build.0 = Debug|Windows Mobile 6 Professional SDK (ARMV4I)
		{E7A11C21-2876-4B02-A6B8-46FFA155B30C}.Debug|Windows Mobile 6 Professional SDK (ARMV4I).Deploy.0 = Debug|Windows Mobile 6 Professional SDK (ARMV4I)
		{E7A11C21-2876-4B02-A6B8-46FFA155B30C}.Release|Windows Mobile 6 Professional SDK (ARMV4I).ActiveCfg = Release|Windows Mobile 6 Professional SDK (ARMV4I)
		{E7A11C21-2876-4B02-A6B8-46FFA155B30C}.Release|Windows Mobile 6 Professional SDK (ARMV4I).Build.0 = Release|Windows Mobile 6 Professional SDK (ARMV4I)
		{E7A11C21-2876-4B02-A6B8-46FFA155B30C}.Release|Windows Mobile 6 Professional SDK (ARMV4I).Deploy.0 = Release|Windows Mobile 6 Professional SDK (ARMV4I)
		{026007C5-5CB5-4BF2-BB9C-465D225B79EA}.Debug|Windows Mobile 6 Professional SDK (ARMV4I).ActiveCfg = Debug|Windows Mobile 6 Professional SDK (ARMV4I)
		{026007C5-5CB5-4BF2-BB9C-465D225B79EA}.Debug|Windows Mobile 6 Professional SDK (ARMV4I).Build.0 = Debug|Windows Mobile 6 Professional SDK (ARMV4I)
		{026007C5-5CB5-4BF2-BB9C-465D225B79EA}.Debug|Windows Mobile 6 Professional SDK (ARMV4I).Deploy.0 = Debug|Windows Mobile 6 Professional SDK (ARMV4I)
		{026007C5-5CB5-4BF2-BB9C-465D225B79EA}.Release|Windows Mobile 6 Professional SDK (ARMV4I).ActiveCfg = Release|Windows Mobile 6 Professional SDK (ARMV4I)
		{026007C5-5CB5-4BF2-BB9C-465D225B79EA}.Release|Windows Mobile 6 Professional SDK (ARMV4I).Build.0 = Release|Windows Mobile 6 Professional SDK (ARMV4I)
		{026007C5-5CB5-4BF2-BB9C-465D225B79EA}.Release|Windows Mobile 6 Professional SDK (ARMV4I).Deploy.0 = Release|Windows Mobile 6 Professional SDK (ARMV4I)
		{2E4A414A-F128-4FC4-AA5E-342D0C7AF920}.Debug|Windows Mobile 6 Professional SDK (ARMV4I).ActiveCfg = Debug|Windows Mobile 6 Professional SDK (ARMV4I)
		{2E4A414A-F128-4FC4-AA5E-342D0C7AF920}.Debug|Windows Mobile 6 Professional SDK (ARMV4I).Build.0 = Debug|Windows Mobile 6 Professional SDK (ARMV4I)
		{2E4A414A-F128-4FC4-AA5E-342D0C7AF920}.Debug|Windows Mobile 6 Professional SDK (ARMV4I).Deploy.0 = Debug|Windows Mobile 6 Professional SDK (ARMV4I)
		{2E4A414A-F128-4FC4-AA5E-342D0C7AF920}.Release|Windows Mobile 6 Professional SDK (ARMV4I).ActiveCfg = Release|Windows Mobile 6 Professional SDK (ARMV4I)
		{2E4A414A-F128-4FC4-AA5E-342D0C7AF920}.Release|Windows Mobile 6 Professional SDK (ARMV4I).Build.0 = Release|Windows Mobile 6 Professional SDK (ARMV4I)
		{2E4A414A-F128-4FC4-AA5E-342D0C7AF920}.Release|Windows Mobile 6 Professional SDK (ARMV4I).Deploy.0 = Release|Windows Mobile 6 Professional SDK (ARMV4I)
		{859EE8DE-B3F8-4C15-B72A-C1FF3E5A2EBC}.Debug|Windows Mobile 6 Professional SDK (ARMV4I).ActiveCfg = Debug|Windows Mobile 6 Professional SDK (ARMV4I)
		{859EE8DE-B3F8-4C15-B72A-C1FF3E5A2EBC}.Debug|Windows Mobile 6 Professional SDK (ARMV4I).Build.0 = Debug|Windows Mobile 6 Professional SDK (ARMV4I)
		{859EE8DE-B3F8-4C15-B72A-C1FF3E5A2EBC}.Debug|Windows Mobile 6 Professional SDK (ARMV4I).Deploy.0 = Debug|Windows Mobile 6 Professional SDK (ARMV4I)
		{859EE8DE-B3F8-4C15-B72A-C1FF3E5A2EBC}.Release|Windows Mobile 6 Professional SDK (ARMV4I).ActiveCfg = Release|Windows Mobile 6 Professional SDK (ARMV4I)
		{859EE8DE-B3F8-4C15-B72A-C1FF3E5A2EBC}.Release|Windows Mobile 6 Professional SDK (ARMV4I).Build.0 = Release|Windows Mobile 6 Professional SDK (ARMV4I)
		{859EE8DE-B3F8-4C15-B72A-C1FF3E5A2EBC}.Release|Windows Mobile 6 Professional SDK (ARMV4I).Deploy.0 = Release|Windows Mobile 6 Professional SDK (ARMV4I)
		{75DBE3E5-85FC-4897-B5D8-E73366FF2665}.Debug|Windows Mobile 6 Professional SDK (ARMV4I).ActiveCfg = Debug|Windows Mobile 6 Professional SDK (ARMV4I)
		{75DBE3E5-85FC-4897-B5D8-E73366FF2665}.Debug|Windows Mobile 6 Professional SDK (ARMV4I).Build.0 = Debug|Windows Mobile 6 Professional SDK (ARMV4I)
		{75DBE3E5-85FC-4897-B5D8-E73366FF2665}.Debug|Windows Mobile 6 Professional SDK (ARMV4I).Deploy.0 = Debug|Windows Mobile 6 Professional SDK (ARMV4I)
		{75DBE3E5-85FC-4897-B5D8-E73366FF2665}.Release|Windows Mobile 6 Professional SDK (ARMV4I).ActiveCfg = Release|Windows Mobile 6 Professional SDK (ARMV4I)
		{75DBE3E5-85FC-4897-B5D8-E73366FF2665}.Release|Windows Mobile 6 Professional SDK (ARMV4I).Build.0 = Release|Windows Mobile 6 Professional SDK (ARMV4I)
		{75DBE3E5-85FC-4897-B5D8-E73366FF2665}.Release|Windows Mobile 6 Professional SDK (ARMV4I).Deploy.0 = Release|Windows Mobile 6 Professional SDK (ARMV4I)
		{50E49907-98F1-4B47-868A-6A42A457CEDE}.Debug|Windows Mobile 6 Professional SDK (ARMV4I).ActiveCfg = Debug|Windows Mobile 6 Professional SDK (ARMV4I)
		{50E49907-98F1-4B47-868A-6A42A457CEDE}.Debug|Windows Mobile 6 Professional SDK (ARMV4I).Build.0 = Debug|Windows Mobile 6 Professional SDK (ARMV4I)
		{50E49907-98F1-4B47-868A-6A42A457CEDE}.Debug|Windows Mobile 6 Professional SDK (ARMV4I).Deploy.0 = Debug|Windows Mobile 6 Professional SDK (ARMV4I)
		{50E49907-98F1-4B47-868A-6A42A457CEDE}.Release|Windows Mobile 6 Professional SDK (ARMV4I).ActiveCfg = Release|Windows Mobile 6 Professional SDK (ARMV4I)
		{50E49907-98F1-4B47-868A-6A42A457CEDE}.Release|Windows Mobile 6 Professional SDK (ARMV4I).Build.0 = Release|Windows Mobile 6 Professional SDK (ARMV4I)
		{50E49907-98F1-4B47-868A-6A42A457CEDE}.Release|Windows Mobile 6 Professional SDK (ARMV4I).Deploy.0 = Release|Windows Mobile 6 Professional SDK (ARMV4I)
		{BEC377E9-AF49-442F-9B1A-8108ACB9DB75}.Debug|Windows Mobile 6 Professional SDK (ARMV4I).ActiveCfg = Debug|Windows Mobile 6 Professional SDK (ARMV4I)
		{BEC377E9-AF49-442F-9B1A-8108ACB9DB75}.Debug|Windows Mobile 6 Professional SDK (ARMV4I).Build.0 = Debug|Windows Mobile 6 Professional SDK (ARMV4I)
		{BEC377E9-AF49-442F-9B1A-8108ACB9DB75}.Debug|Windows Mobile 6 Professional SDK (ARMV4I).Deploy.0 = Debug|Windows Mobile 6 Professional SDK (ARMV4I)
		{BEC377E9-AF49-442F-9B1A-8108ACB9DB75}.Release|Windows Mobile 6 Professional SDK (ARMV4I).ActiveCfg = Release|Windows Mobile 6 Professional SDK (ARMV4I)
		{BEC377E9-AF49-442F-9B1A-8108ACB9DB75}.Release|Windows Mobile 6 Professional SDK (ARMV4I).Build.0 = Release|Windows Mobile 6 Professional SDK (ARMV4I)
		{BEC377E9-AF49-442F-9B1A-8108ACB9DB75}.Release|Windows Mobile 6 Professional SDK (ARMV4I).Deploy.0 = Release|Windows Mobile 6 Professional SDK (ARMV4I)
		{F88E5294-1B01-4194-90EF-7A8EBB64E378}.Debug|Windows Mobile 6 Professional SDK (ARMV4I).ActiveCfg = Debug|Windows Mobile 6 Professional SDK (ARMV4I)
		{F88E5294-1B01-4194-90EF-7A8EBB64E378}.Debug|Windows Mobile 6 Professional SDK (ARMV4I).Build.0 = Debug|Windows Mobile 6 Professional SDK (ARMV4I)
		{F88E5294-1B01-4194-90EF-7A8EBB64E378}.Debug|Windows Mobile 6 Professional SDK (ARMV4I).Deploy.0 = Debug|Windows Mobile 6 Professional SDK (ARMV4I)
		{F88E5294-1B01-4194-90EF-7A8EBB64E378}.Release|Windows Mobile 6 Professional SDK (ARMV4I).ActiveCfg = Release|Windows Mobile 6 Professional SDK (ARMV4I)
		{F88E5294-1B01-4194-90EF-7A8EBB64E378}.Release|Windows Mobile 6 Professional SDK (ARMV4I).Build.0 = Release|Windows Mobile 6 Professional SDK (ARMV4I)
		{F88E5294-1B01-4194-90EF-7A8EBB64E378}.Release|Windows Mobile 6 Professional SDK (ARMV4I).Deploy.0 = Release|Windows Mobile 6 Professional SDK (ARMV4I)
		{18FF1E55-4303-4B16-A200-18F647791233}.Debug|Windows Mobile 6 Professional SDK (ARMV4I).ActiveCfg = Debug|Windows Mobile 6 Professional SDK (ARMV4I)
		{18FF1E55-4303-4B16-A200-18F647791233}.Debug|Windows Mobile 6 Professional SDK (ARMV4I).Build.0 = Debug|Windows Mobile 6 Professional SDK (ARMV4I)
		{18FF1E55-4303-4B16-A200-18F647791233}.Debug|Windows Mobile 6 Professional SDK (ARMV4I).Deploy.0 = Debug|Windows Mobile 6 Professional SDK (ARMV4I)
		{18FF1E55-4303-4B16-A200-18F647791233}.Release|Windows Mobile 6 Professional SDK (ARMV4I).ActiveCfg = Release|Windows Mobile 6 Professional SDK (ARMV4I)
		{18FF1E55-4303-4B16-A200-18F647791233}.Release|Windows Mobile 6 Professional SDK (ARMV4I).Build.0 = Release|Windows Mobile 6 Professional SDK (ARMV4I)
		{18FF1E55-4303-4B16-A200-18F647791233}.Release|Windows Mobile 6 Professional SDK (ARMV4I).Deploy.0 = Release|Windows Mobile 6 Professional SDK (ARMV4I)
		{580208C5-E7E1-45AE-AD6E-6B07B1ECC66F}.Debug|Windows Mobile 6 Professional SDK (ARMV4I).ActiveCfg = Debug|Windows Mobile 6 Professional SDK (ARMV4I)
		{580208C5-E7E1-45AE-AD6E-6B07B1ECC66F}.Debug|Windows Mobile 6 Professional SDK (ARMV4I).Build.0 = Debug|Windows Mobile 6 Professional SDK (ARMV4I)
		{580208C5-E7E1-45AE-AD6E-6B07B1ECC66F}.Debug|Windows Mobile 6 Professional SDK (ARMV4I).Deploy.0 = Debug|Windows Mobile 6 Professional SDK (ARMV4I)
		{580208C5-E7E1-45AE-AD6E-6B07B1ECC66F}.Release|Windows Mobile 6 Professional SDK (ARMV4I).ActiveCfg = Release|Windows Mobile 6 Professional SDK (ARMV4I)
		{580208C5-E7E1-45AE-AD6E-6B07B1ECC66F}.Release|Windows Mobile 6 Professional SDK (ARMV4I).Build.0 = Release|Windows Mobile 6 Professional SDK (ARMV4I)
		{580208C5-E7E1-45AE-AD6E-6B07B1ECC66F}.Release|Windows Mobile 6 Professional SDK (ARMV4I).Deploy.0 = Release|Windows Mobile 6 Professional SDK (ARMV4I)
		{672F7CFD-682F-4269-9125-0CD6E77286A0}.Debug|Windows Mobile 6 Professional SDK (ARMV4I).ActiveCfg = Debug|Windows Mobile 6 Professional SDK (ARMV4I)
		{672F7CFD-682F-4269-9125-0CD6E77286A0}.Debug|Windows Mobile 6 Professional SDK (ARMV4I).Build.0 = Debug|Windows Mobile 6 Professional SDK (ARMV4I)
		{672F7CFD-682F-4269-9125-0CD6E77286A0}.Debug|Windows Mobile 6 Professional SDK (ARMV4I).Deploy.0 = Debug|Windows Mobile 6 Professional SDK (ARMV4I)
		{672F7CFD-682F-4269-9125-0CD6E77286A0}.Release|Windows Mobile 6 Professional SDK (ARMV4I).ActiveCfg = Release|Windows Mobile 6 Professional SDK (ARMV4I)
		{672F7CFD-682F-4269-9125-0CD6E77286A0}.Release|Windows Mobile 6 Professional SDK (ARMV4I).Build.0 = Release|Windows Mobile 6 Professional SDK (ARMV4I)
		{672F7CFD-682F-4269-9125-0CD6E77286A0}.Release|Windows Mobile 6 Professional SDK (ARMV4I).Deploy.0 = Release|Windows Mobile 6 Professional SDK (ARMV4I)
		{8A906F26-E3E9-4251-9424-65B1B86D99D6}.Debug|Windows Mobile 6 Professional SDK (ARMV4I).ActiveCfg = Debug|Windows Mobile 6 Professional SDK (ARMV4I)
		{8A906F26-E3E9-4251-9424-65B1B86D99D6}.Debug|Windows Mobile 6 Professional SDK (ARMV4I).Build.0 = Debug|Windows Mobile 6 Professional SDK (ARMV4I)
		{8A906F26-E3E9-4251-9424-65B1B86D99D6}.Debug|Windows Mobile 6 Professional SDK (ARMV4I).Deploy.0 = Debug|Windows Mobile 6 Professional SDK (ARMV4I)
		{8A906F26-E3E9-4251-9424-65B1B86D99D6}.Release|Windows Mobile 6 Professional SDK (ARMV4I).ActiveCfg = Release|Windows Mobile 6 Professional SDK (ARMV4I)
		{8A906F26-E3E9-4251-9424-65B1B86D99D6}.Release|Windows Mobile 6 Professional SDK (ARMV4I).Build.0 = Release|Windows Mobile 6 Professional SDK (ARMV4I)
		{8A906F26-E3E9-4251-9424-65B1B86D99D6}.Release|Windows Mobile 6 Professional SDK (ARMV4I).Deploy.0 = Release|Windows Mobile 6 Professional SDK (ARMV4I)
		{3463DAFC-99B5-49BE-ACA1-CD537E0A208F}.Debug|Windows Mobile 6 Professional SDK (ARMV4I).ActiveCfg = Debug|Windows Mobile 6 Professional SDK (ARMV4I)
		{3463DAFC-99B5-49BE-ACA1-CD537E0A208F}.Debug|Windows Mobile 6 Professional SDK (ARMV4I).Build.0 = Debug|Windows Mobile 6 Professional SDK (ARMV4I)
		{3463DAFC-99B5-49BE-ACA1-CD537E0A208F}.Debug|Windows Mobile 6 Professional SDK (ARMV4I).Deploy.0 = Debug|Windows Mobile 6 Professional SDK (ARMV4I)
		{3463DAFC-99B5-49BE-ACA1-CD537E0A208F}.Release|Windows Mobile 6 Professional SDK (ARMV4I).ActiveCfg = Release|Windows Mobile 6 Professional SDK (ARMV4I)
		{3463DAFC-99B5-49BE-ACA1-CD537E0A208F}.Release|Windows Mobile 6 Professional SDK (ARMV4I).Build.0 = Release|Windows Mobile 6 Professional SDK (ARMV4I)
		{3463DAFC-99B5-49BE-ACA1-CD537E0A208F}.Release|Windows Mobile 6 Professional SDK (ARMV4I).Deploy.0 = Release|Windows Mobile 6 Professional SDK (ARMV4I)
		{14CA0C7A-1EA5-4232-8950-38CBF1693B48}.Debug|Windows Mobile 6 Professional SDK (ARMV4I).ActiveCfg = Debug|Windows Mobile 6 Professional SDK (ARMV4I)
		{14CA0C7A-1EA5-4232-8950-38CBF1693B48}.Debug|Windows Mobile 6 Professional SDK (ARMV4I).Build.0 = Debug|Windows Mobile 6 Professional SDK (ARMV4I)
		{14CA0C7A-1EA5-4232-8950-38CBF1693B48}.Debug|Windows Mobile 6 Professional SDK (ARMV4I).Deploy.0 = Debug|Windows Mobile 6 Professional SDK (ARMV4I)
		{14CA0C7A-1EA5-4232-8950-38CBF1693B48}.Release|Windows Mobile 6 Professional SDK (ARMV4I).ActiveCfg = Release|Windows Mobile 6 Professional SDK (ARMV4I)
		{14CA0C7A-1EA5-4232-8950-38CBF1693B48}.Release|Windows Mobile 6 Professional SDK (ARMV4I).Build.0 = Release|Windows Mobile 6 Professional SDK (ARMV4I)
		{14CA0C7A-1EA5-4232-8950-38CBF1693B48}.Release|Windows Mobile 6 Professional SDK (ARMV4I).Deploy.0 = Release|Windows Mobile 6 Professional SDK (ARMV4I)
		{47D31A9D-3566-47DA-A435-7C01488E1BC5}.Debug|Windows Mobile 6 Professional SDK (ARMV4I).ActiveCfg = Debug|Windows Mobile 6 Professional SDK (ARMV4I)
		{47D31A9D-3566-47DA-A435-7C01488E1BC5}.Debug|Windows Mobile 6 Professional SDK (ARMV4I).Build.0 = Debug|Windows Mobile 6 Professional SDK (ARMV4I)
		{47D31A9D-3566-47DA-A435-7C01488E1BC5}.Debug|Windows Mobile 6 Professional SDK (ARMV4I).Deploy.0 = Debug|Windows Mobile 6 Professional SDK (ARMV4I)
		{47D31A9D-3566-47DA-A435-7C01488E1BC5}.Release|Windows Mobile 6 Professional SDK (ARMV4I).ActiveCfg = Release|Windows Mobile 6 Professional SDK (ARMV4I)
		{47D31A9D-3566-47DA-A435-7C01488E1BC5}.Release|Windows Mobile 6 Professional SDK (ARMV4I).Build.0 = Release|Windows Mobile 6 Professional SDK (ARMV4I)
		{47D31A9D-3566-47DA-A435-7C01488E1BC5}.Release|Windows Mobile 6 Professional SDK (ARMV4I).Deploy.0 = Release|Windows Mobile 6 Professional SDK (ARMV4I)
		{D59D73F8-B183-4635-B3DA-DC0257FBDC95}.Debug|Windows Mobile 6 Professional SDK (ARMV4I).ActiveCfg = Debug|Windows Mobile 6 Professional SDK (ARMV4I)
		{D59D73F8-B183-4635-B3DA-DC0257FBDC95}.Debug|Windows Mobile 6 Professional SDK (ARMV4I).Build.0 = Debug|Windows Mobile 6 Professional SDK (ARMV4I)
		{D59D73F8-B183-4635-B3DA-DC0257FBDC95}.Debug|Windows Mobile 6 Professional SDK (ARMV4I).Deploy.0 = Debug|Windows Mobile 6 Professional SDK (ARMV4I)
		{D59D73F8-B183-4635-B3DA-DC0257FBDC95}.Release|Windows Mobile 6 Professional SDK (ARMV4I).ActiveCfg = Release|Windows Mobile 6 Professional SDK (ARMV4I)
		{D59D73F8-B183-4635-B3DA-DC0257FBDC95}.Release|Windows Mobile 6 Professional SDK (ARMV4I).Build.0 = Release|Windows Mobile 6 Professional SDK (ARMV4I)
		{D59D73F8-B183-4635-B3DA-DC0257FBDC95}.Release|Windows Mobile 6 Professional SDK (ARMV4I).Deploy.0 = Release|Windows Mobile 6 Professional SDK (ARMV4I)
		{37DF0688-A789-401C-B1DE-B3B727B04666}.Debug|Windows Mobile 6 Professional SDK (ARMV4I).ActiveCfg = Debug|Windows Mobile 6 Professional SDK (ARMV4I)
		{37DF0688-A789-401C-B1DE-B3B727B04666}.Debug|Windows Mobile 6 Professional SDK (ARMV4I).Build.0 = Debug|Windows Mobile 6 Professional SDK (ARMV4I)
		{37DF0688-A789-401C-B1DE-B3B727B04666}.Debug|Windows Mobile 6 Professional SDK (ARMV4I).Deploy.0 = Debug|Windows Mobile 6 Professional SDK (ARMV4I)
		{37DF0688-A789-401C-B1DE-B3B727B04666}.Release|Windows Mobile 6 Professional SDK (ARMV4I).ActiveCfg = Release|Windows Mobile 6 Professional SDK (ARMV4I)
		{37DF0688-A789-401C-B1DE-B3B727B04666}.Release|Windows Mobile 6 Professional SDK (ARMV4I).Build.0 = Release|Windows Mobile 6 Professional SDK (ARMV4I)
		{37DF0688-A789-401C-B1DE-B3B727B04666}.Release|Windows Mobile 6 Professional SDK (ARMV4I).Deploy.0 = Release|Windows Mobile 6 Professional SDK (ARMV4I)
		{BEED5EEC-191E-431F-9C73-2962B8369A06}.Debug|Windows Mobile 6 Professional SDK (ARMV4I).ActiveCfg = Debug|Windows Mobile 6 Professional SDK (ARMV4I)
		{BEED5EEC-191E-431F-9C73-2962B8369A06}.Debug|Windows Mobile 6 Professional SDK (ARMV4I).Build.0 = Debug|Windows Mobile 6 Professional SDK (ARMV4I)
		{BEED5EEC-191E-431F-9C73-2962B8369A06}.Debug|Windows Mobile 6 Professional SDK (ARMV4I).Deploy.0 = Debug|Windows Mobile 6 Professional SDK (ARMV4I)
		{BEED5EEC-191E-431F-9C73-2962B8369A06}.Release|Windows Mobile 6 Professional SDK (ARMV4I).ActiveCfg = Release|Windows Mobile 6 Professional SDK (ARMV4I)
		{BEED5EEC-191E-431F-9C73-2962B8369A06}.Release|Windows Mobile 6 Professional SDK (ARMV4I).Build.0 = Release|Windows Mobile 6 Professional SDK (ARMV4I)
		{BEED5EEC-191E-431F-9C73-2962B8369A06}.Release|Windows Mobile 6 Professional SDK (ARMV4I).Deploy.0 = Release|Windows Mobile 6 Professional SDK (ARMV4I)
		{F29BF4F6-CFF5-4A34-89C0-6204CC728061}.Debug|Windows Mobile 6 Professional SDK (ARMV4I).ActiveCfg = Debug|Windows Mobile 6 Professional SDK (ARMV4I)
		{F29BF4F6-CFF5-4A34-89C0-6204CC728061}.Debug|Windows Mobile 6 Professional SDK (ARMV4I).Build.0 = Debug|Windows Mobile 6 Professional SDK (ARMV4I)
		{F29BF4F6-CFF5-4A34-89C0-6204CC728061}.Debug|Windows Mobile 6 Professional SDK (ARMV4I).Deploy.0 = Debug|Windows Mobile 6 Professional SDK (ARMV4I)
		{F29BF4F6-CFF5-4A34-89C0-6204CC728061}.Release|Windows Mobile 6 Professional SDK (ARMV4I).ActiveCfg = Release|Windows Mobile 6 Professional SDK (ARMV4I)
		{F29BF4F6-CFF5-4A34-89C0-6204CC728061}.Release|Windows Mobile 6 Professional SDK (ARMV4I).Build.0 = Release|Windows Mobile 6 Professional SDK (ARMV4I)
		{F29BF4F6-CFF5-4A34-89C0-6204CC728061}.Release|Windows Mobile 6 Professional SDK (ARMV4I).Deploy.0 = Release|Windows Mobile 6 Professional SDK (ARMV4I)
		{76F32038-5059-42C7-95C3-E0FD86AE2048}.Debug|Windows Mobile 6 Professional SDK (ARMV4I).ActiveCfg = Debug|Windows Mobile 6 Professional SDK (ARMV4I)
		{76F32038-5059-42C7-95C3-E0FD86AE2048}.Debug|Windows Mobile 6 Professional SDK (ARMV4I).Build.0 = Debug|Windows Mobile 6 Professional SDK (ARMV4I)
		{76F32038-5059-42C7-95C3-E0FD86AE2048}.Debug|Windows Mobile 6 Professional SDK (ARMV4I).Deploy.0 = Debug|Windows Mobile 6 Professional SDK (ARMV4I)
		{76F32038-5059-42C7-95C3-E0FD86AE2048}.Release|Windows Mobile 6 Professional SDK (ARMV4I).ActiveCfg = Release|Windows Mobile 6 Professional SDK (ARMV4I)
		{76F32038-5059-42C7-95C3-E0FD86AE2048}.Release|Windows Mobile 6 Professional SDK (ARMV4I).Build.0 = Release|Windows Mobile 6 Professional SDK (ARMV4I)
		{76F32038-5059-42C7-95C3-E0FD86AE2048}.Release|Windows Mobile 6 Professional SDK (ARMV4I).Deploy.0 = Release|Windows Mobile 6 Professional SDK (ARMV4I)
		{67266229-24F4-45A4-9A45-87E3D3380E2B}.Debug|Windows Mobile 6 Professional SDK (ARMV4I).ActiveCfg = Debug|Windows Mobile 6 Professional SDK (ARMV4I)
		{67266229-24F4-45A4-9A45-87E3D3380E2B}.Debug|Windows Mobile 6 Professional SDK (ARMV4I).Build.0 = Debug|Windows Mobile 6 Professional SDK (ARMV4I)
		{67266229-24F4-45A4-9A45-87E3D3380E2B}.Debug|Windows Mobile 6 Professional SDK (ARMV4I).Deploy.0 = Debug|Windows Mobile 6 Professional SDK (ARMV4I)
		{67266229-24F4-45A4-9A45-87E3D3380E2B}.Release|Windows Mobile 6 Professional SDK (ARMV4I).ActiveCfg = Release|Windows Mobile 6 Professional SDK (ARMV4I)
		{67266229-24F4-45A4-9A45-87E3D3380E2B}.Release|Windows Mobile 6 Professional SDK (ARMV4I).Build.0 = Release|Windows Mobile 6 Professional SDK (ARMV4I)
		{67266229-24F4-45A4-9A45-87E3D3380E2B}.Release|Windows Mobile 6 Professional SDK (ARMV4I).Deploy.0 = Release|Windows Mobile 6 Professional SDK (ARMV4I)
		{97E932F5-995F-44EF-9229-044EC6445025}.Debug|Windows Mobile 6 Professional SDK (ARMV4I).ActiveCfg = Debug|Windows Mobile 6 Professional SDK (ARMV4I)
		{97E932F5-995F-44EF-9229-044EC6445025}.Debug|Windows Mobile 6 Professional SDK (ARMV4I).Build.0 = Debug|Windows Mobile 6 Professional SDK (ARMV4I)
		{97E932F5-995F-44EF-9229-044EC6445025}.Debug|Windows Mobile 6 Professional SDK (ARMV4I).Deploy.0 = Debug|Windows Mobile 6 Professional SDK (ARMV4I)
		{97E932F5-995F-44EF-9229-044EC6445025}.Release|Windows Mobile 6 Professional SDK (ARMV4I).ActiveCfg = Release|Windows Mobile 6 Professional SDK (ARMV4I)
		{97E932F5-995F-44EF-9229-044EC6445025}.Release|Windows Mobile 6 Professional SDK (ARMV4I).Build.0 = Release|Windows Mobile 6 Professional SDK (ARMV4I)
		{97E932F5-995F-44EF-9229-044EC6445025}.Release|Windows Mobile 6 Professional SDK (ARMV4I).Deploy.0 = Release|Windows Mobile 6 Professional SDK (ARMV4I)
		{A903C564-354E-443E-A512-DE63BDCF99D8}.Debug|Windows Mobile 6 Professional SDK (ARMV4I).ActiveCfg = Debug|Windows Mobile 6 Professional SDK (ARMV4I)
		{A903C564-354E-443E-A512-DE63BDCF99D8}.Debug|Windows Mobile 6 Professional SDK (ARMV4I).Build.0 = Debug|Windows Mobile 6 Professional SDK (ARMV4I)
		{A903C564-354E-443E-A512-DE63BDCF99D8}.Debug|Windows Mobile 6 Professional SDK (ARMV4I).Deploy.0 = Debug|Windows Mobile 6 Professional SDK (ARMV4I)
		{A903C564-354E-443E-A512-DE63BDCF99D8}.Release|Windows Mobile 6 Professional SDK (ARMV4I).ActiveCfg = Release|Windows Mobile 6 Professional SDK (ARMV4I)
		{A903C564-354E-443E-A512-DE63BDCF99D8}.Release|Windows Mobile 6 Professional SDK (ARMV4I).Build.0 = Release|Windows Mobile 6 Professional SDK (ARMV4I)
		{A903C564-354E-443E-A512-DE63BDCF99D8}.Release|Windows Mobile 6 Professional SDK (ARMV4I).Deploy.0 = Release|Windows Mobile 6 Professional SDK (ARMV4I)
	EndGlobalSection
	GlobalSection(SolutionProperties) = preSolution
		HideSolutionNode = FALSE
	EndGlobalSection
EndGlobal
